
Microsoft Visual Studio Solution File, Format Version 12.00
# Visual Studio 15
VisualStudioVersion = 15.0.28307.438
MinimumVisualStudioVersion = 10.0.40219.1
Project("{8BC9CEB8-8B4A-11D0-8D11-00A0C91BC942}") = "1000", "BaekJun Project\BaekJun Project.vcxproj", "{6A33CE62-807C-4383-95A3-5871E57FCD01}"
EndProject
Project("{8BC9CEB8-8B4A-11D0-8D11-00A0C91BC942}") = "2884", "Project1\Project1.vcxproj", "{7FCD679D-9A90-4578-B981-40AA51837B25}"
EndProject
Project("{8BC9CEB8-8B4A-11D0-8D11-00A0C91BC942}") = "1001", "1001\1001.vcxproj", "{5F945B9A-2B95-4A45-BEE2-E1727A39AF15}"
EndProject
Project("{8BC9CEB8-8B4A-11D0-8D11-00A0C91BC942}") = "1008", "1008\1008.vcxproj", "{87B3B4CA-5F1B-464D-9929-9A828DC1F503}"
EndProject
Project("{8BC9CEB8-8B4A-11D0-8D11-00A0C91BC942}") = "1330", "1330\1330.vcxproj", "{FB956304-3000-4976-AE03-9BFB78642996}"
EndProject
Project("{8BC9CEB8-8B4A-11D0-8D11-00A0C91BC942}") = "2557", "2557\2557.vcxproj", "{5A4A55B9-CD2A-41A7-8DD4-E8C0EE904DD9}"
EndProject
Project("{8BC9CEB8-8B4A-11D0-8D11-00A0C91BC942}") = "2588", "2588\2588.vcxproj", "{42FA92F6-B8FB-486E-B40A-CDA181EA5AF1}"
EndProject
Project("{8BC9CEB8-8B4A-11D0-8D11-00A0C91BC942}") = "2630", "2630\2630.vcxproj", "{570F26E6-BCAA-41C3-8DCC-4782FA8D4D23}"
EndProject
Project("{8BC9CEB8-8B4A-11D0-8D11-00A0C91BC942}") = "2753", "2753\2753.vcxproj", "{E453D5CE-E700-43C7-9EDE-2F832EDF58D1}"
EndProject
Project("{8BC9CEB8-8B4A-11D0-8D11-00A0C91BC942}") = "7287", "7287\7287.vcxproj", "{1DF41CAA-DBAB-478A-B738-36E2EC615962}"
EndProject
Project("{8BC9CEB8-8B4A-11D0-8D11-00A0C91BC942}") = "9498", "9498\9498.vcxproj", "{723505BE-FAFB-4E25-AC63-9D7BE8AA3259}"
EndProject
Project("{8BC9CEB8-8B4A-11D0-8D11-00A0C91BC942}") = "10171", "10171\10171.vcxproj", "{5DF7035E-85CC-4AF6-B10A-369804809E92}"
EndProject
Project("{8BC9CEB8-8B4A-11D0-8D11-00A0C91BC942}") = "10172", "10172\10172.vcxproj", "{559B635C-4836-47DC-AE01-448BB220DE0B}"
EndProject
Project("{8BC9CEB8-8B4A-11D0-8D11-00A0C91BC942}") = "10430", "10430\10430.vcxproj", "{9ADFCDE4-78E5-4E9E-B789-BE19CE787F9E}"
EndProject
Project("{8BC9CEB8-8B4A-11D0-8D11-00A0C91BC942}") = "10718", "10718\10718.vcxproj", "{6B223F5F-5C8A-43AF-9702-DC31C136202D}"
EndProject
Project("{8BC9CEB8-8B4A-11D0-8D11-00A0C91BC942}") = "10869", "10869\10869.vcxproj", "{DA5C19F1-3D2E-4FAC-8814-C9A7B07613AB}"
EndProject
Project("{8BC9CEB8-8B4A-11D0-8D11-00A0C91BC942}") = "10998", "10998\10998.vcxproj", "{705FCD38-C642-442E-A38D-56D2F7D16EA0}"
EndProject
Project("{8BC9CEB8-8B4A-11D0-8D11-00A0C91BC942}") = "10817", "10817\10817.vcxproj", "{146D02F7-A206-4A42-BB61-0C1E94F84820}"
EndProject
Project("{8BC9CEB8-8B4A-11D0-8D11-00A0C91BC942}") = "2739", "2739\2739.vcxproj", "{A32EA68F-CD70-4633-981E-061077321E80}"
EndProject
Project("{8BC9CEB8-8B4A-11D0-8D11-00A0C91BC942}") = "10950", "10950\10950.vcxproj", "{A63804AE-53C7-474E-8AEE-3D7818946588}"
EndProject
Project("{8BC9CEB8-8B4A-11D0-8D11-00A0C91BC942}") = "8393", "8393\8393.vcxproj", "{B693F824-D2AF-4095-9ABB-C7FF5DD645AC}"
EndProject
Project("{8BC9CEB8-8B4A-11D0-8D11-00A0C91BC942}") = "15552", "15552\15552.vcxproj", "{DD4FE5D6-1B8E-4F85-8472-5D76536E38EC}"
EndProject
Project("{8BC9CEB8-8B4A-11D0-8D11-00A0C91BC942}") = "2741", "2741\2741.vcxproj", "{8CB6184D-65C9-45A1-82B0-2A13CBDAC423}"
EndProject
Project("{8BC9CEB8-8B4A-11D0-8D11-00A0C91BC942}") = "2742", "2742\2742.vcxproj", "{0FF9FF13-FD80-4864-85A9-242670F45135}"
EndProject
Project("{8BC9CEB8-8B4A-11D0-8D11-00A0C91BC942}") = "11021", "11021\11021.vcxproj", "{BA028AF2-0799-4280-B527-9C6FD2837697}"
EndProject
Project("{8BC9CEB8-8B4A-11D0-8D11-00A0C91BC942}") = "11022", "11022\11022.vcxproj", "{CE996A67-A192-4CCA-9919-D8EBC0491A84}"
EndProject
Project("{8BC9CEB8-8B4A-11D0-8D11-00A0C91BC942}") = "2438", "2438\2438.vcxproj", "{5CD9C37C-5F4F-47B6-9033-F30B2A6FC300}"
EndProject
Project("{8BC9CEB8-8B4A-11D0-8D11-00A0C91BC942}") = "2439", "2439\2439.vcxproj", "{B7390E8A-DC76-4674-B531-03B3C0AE91EA}"
EndProject
Project("{8BC9CEB8-8B4A-11D0-8D11-00A0C91BC942}") = "1220", "1220\1220.vcxproj", "{06D1D219-7C27-405F-8698-D98FDA3FCD76}"
EndProject
Project("{8BC9CEB8-8B4A-11D0-8D11-00A0C91BC942}") = "BigInt", "BigInt\BigInt.vcxproj", "{AF893F83-1077-47F1-8281-515EF068D98D}"
EndProject
Project("{8BC9CEB8-8B4A-11D0-8D11-00A0C91BC942}") = "15649", "15649\15649.vcxproj", "{F0EC4A06-0F1C-4B44-A3D2-D3F5FA3747D9}"
EndProject
Project("{8BC9CEB8-8B4A-11D0-8D11-00A0C91BC942}") = "1717", "1717\1717.vcxproj", "{78DEB6B9-18AA-48F4-9FE3-3F83E30EBB7D}"
EndProject
Project("{8BC9CEB8-8B4A-11D0-8D11-00A0C91BC942}") = "11758", "11758\11758.vcxproj", "{26057AB3-F755-42C7-AA56-8AE022A78A2E}"
EndProject
Project("{8BC9CEB8-8B4A-11D0-8D11-00A0C91BC942}") = "1260", "1260\1260.vcxproj", "{E8F48D69-2465-4F22-9A71-EDD1E6E2922C}"
EndProject
Project("{8BC9CEB8-8B4A-11D0-8D11-00A0C91BC942}") = "1476", "1476\1476.vcxproj", "{6378EE23-FBFB-4AB8-B653-7B26BD8C6C87}"
EndProject
Project("{8BC9CEB8-8B4A-11D0-8D11-00A0C91BC942}") = "2751", "2751\2751.vcxproj", "{FB5AEFA0-0F76-4E1C-A0A7-946612E3CC65}"
EndProject
Project("{8BC9CEB8-8B4A-11D0-8D11-00A0C91BC942}") = "10989", "10989\10989.vcxproj", "{2BD6A69B-1676-4C08-9626-DAD45E4991E1}"
EndProject
Project("{8BC9CEB8-8B4A-11D0-8D11-00A0C91BC942}") = "10952", "10952\10952.vcxproj", "{FCD71A1F-DD66-4AAA-AA3B-CBF6D5034150}"
EndProject
Project("{8BC9CEB8-8B4A-11D0-8D11-00A0C91BC942}") = "11365", "11365\11365.vcxproj", "{5F58C7FE-F2B1-4AB7-9A68-F2A928536F67}"
EndProject
Project("{8BC9CEB8-8B4A-11D0-8D11-00A0C91BC942}") = "2902", "2902\2902.vcxproj", "{F60BC18D-F4AD-4F2D-8F29-E82B9D2E4C5D}"
EndProject
Project("{8BC9CEB8-8B4A-11D0-8D11-00A0C91BC942}") = "2941", "2941\2941.vcxproj", "{112B73C7-1216-422F-B996-0FFD2926267C}"
EndProject
Project("{8BC9CEB8-8B4A-11D0-8D11-00A0C91BC942}") = "1018", "1018\1018.vcxproj", "{55AFC9B1-F50A-4CF2-9FAF-11CCD5CB21F0}"
EndProject
Project("{8BC9CEB8-8B4A-11D0-8D11-00A0C91BC942}") = "1107", "1107\1107.vcxproj", "{6F2A3814-DDA8-4187-8620-93A0DF651937}"
EndProject
Project("{8BC9CEB8-8B4A-11D0-8D11-00A0C91BC942}") = "1436", "1436\1436.vcxproj", "{6695DA8B-75CF-41FB-A6FC-D8B3FC45E8D2}"
EndProject
Project("{8BC9CEB8-8B4A-11D0-8D11-00A0C91BC942}") = "11729", "11729\11729.vcxproj", "{5AFE9916-86CD-4BAF-B92D-E451BF62CEC3}"
EndProject
Project("{8BC9CEB8-8B4A-11D0-8D11-00A0C91BC942}") = "2448", "2448\2448.vcxproj", "{E106CC2E-C588-46C1-8C98-0E021DF4BD12}"
EndProject
Project("{8BC9CEB8-8B4A-11D0-8D11-00A0C91BC942}") = "1074", "1074\1074.vcxproj", "{FFB14550-1A33-4EE5-AF47-AF53BA50A545}"
EndProject
Project("{8BC9CEB8-8B4A-11D0-8D11-00A0C91BC942}") = "9661", "9661\9661.vcxproj", "{E0FAAF75-80DA-43F6-B034-C8F5F3B3EC41}"
EndProject
Project("{8BC9CEB8-8B4A-11D0-8D11-00A0C91BC942}") = "9662", "9662\9662.vcxproj", "{32B9D8D2-ED40-4958-9F0B-042FBBCD5D04}"
EndProject
Project("{8BC9CEB8-8B4A-11D0-8D11-00A0C91BC942}") = "10773", "10773\10773.vcxproj", "{6FAF6640-6D3C-4DAD-8874-939FB68AC777}"
EndProject
Project("{8BC9CEB8-8B4A-11D0-8D11-00A0C91BC942}") = "4949", "4949\4949.vcxproj", "{AE090CA8-95C5-4FF5-B412-76456122BE5F}"
EndProject
Project("{8BC9CEB8-8B4A-11D0-8D11-00A0C91BC942}") = "11051", "11051\11051.vcxproj", "{39F830B6-B56B-4B45-B59F-9CB1D055420B}"
EndProject
Project("{8BC9CEB8-8B4A-11D0-8D11-00A0C91BC942}") = "10951", "10951\10951.vcxproj", "{46339DD3-2097-45C3-B3D3-86F073C2B107}"
EndProject
Project("{8BC9CEB8-8B4A-11D0-8D11-00A0C91BC942}") = "2447", "2447\2447.vcxproj", "{FF094338-4C0C-4499-BBDB-79B413F9718E}"
EndProject
Project("{8BC9CEB8-8B4A-11D0-8D11-00A0C91BC942}") = "1085", "1085\1085.vcxproj", "{EA9E6EAA-7EEB-4BC5-A205-0D5A56B15DE0}"
EndProject
Project("{8BC9CEB8-8B4A-11D0-8D11-00A0C91BC942}") = "1422", "1422\1422.vcxproj", "{B4D606D3-0752-4EFC-AC5D-0ABCAC9DFAD2}"
EndProject
Project("{8BC9CEB8-8B4A-11D0-8D11-00A0C91BC942}") = "2562", "2562\2562.vcxproj", "{7FD55BC2-433A-4012-AFE7-65B66756D62E}"
EndProject
Project("{8BC9CEB8-8B4A-11D0-8D11-00A0C91BC942}") = "10818", "10818\10818.vcxproj", "{EA3A3ACA-149F-443E-98F9-C751C71621DE}"
EndProject
Project("{8BC9CEB8-8B4A-11D0-8D11-00A0C91BC942}") = "15596", "15596\15596.vcxproj", "{DCADFBA0-CD70-4C19-916B-105666D34F08}"
EndProject
Project("{8BC9CEB8-8B4A-11D0-8D11-00A0C91BC942}") = "1316", "1316\1316.vcxproj", "{5F910AB7-25E7-40F2-A812-DF4B96A38EF9}"
EndProject
Project("{8BC9CEB8-8B4A-11D0-8D11-00A0C91BC942}") = "1712", "1712\1712.vcxproj", "{E550D385-F75B-444D-842F-4EC2E6607B3C}"
EndProject
Project("{8BC9CEB8-8B4A-11D0-8D11-00A0C91BC942}") = "2869", "2869\2869.vcxproj", "{8462F7F6-43B2-4E5B-8D49-2F5F796E2971}"
EndProject
Project("{8BC9CEB8-8B4A-11D0-8D11-00A0C91BC942}") = "1912", "1912\1912.vcxproj", "{F65AACF3-77B2-4D96-8089-0D2B14676997}"
EndProject
Project("{8BC9CEB8-8B4A-11D0-8D11-00A0C91BC942}") = "1520", "1520\1520.vcxproj", "{70645F05-ABBD-448C-9DC4-04007065789D}"
EndProject
Project("{8BC9CEB8-8B4A-11D0-8D11-00A0C91BC942}") = "2309", "2309\2309.vcxproj", "{502941ED-4F73-4F8B-8C90-85B1AD2AD2E6}"
EndProject
Project("{8BC9CEB8-8B4A-11D0-8D11-00A0C91BC942}") = "2231", "2231\2231.vcxproj", "{D5B6B4E0-B6A4-48C3-B484-C56D2D9B40A3}"
EndProject
Project("{8BC9CEB8-8B4A-11D0-8D11-00A0C91BC942}") = "3085", "3085\3085.vcxproj", "{13867EFE-B166-44DA-9941-AFD8806DF8AF}"
EndProject
Project("{8BC9CEB8-8B4A-11D0-8D11-00A0C91BC942}") = "2503", "2503\2503.vcxproj", "{866101C3-7ADA-48F0-931D-08B5114C23F7}"
EndProject
Project("{8BC9CEB8-8B4A-11D0-8D11-00A0C91BC942}") = "1753", "1753\1753.vcxproj", "{0F112A2B-BD56-4F22-8C92-CE0E8DB57099}"
EndProject
Project("{8BC9CEB8-8B4A-11D0-8D11-00A0C91BC942}") = "1182", "1182\1182.vcxproj", "{07D46BEB-6F33-4111-9E85-52FC1AAC57A0}"
EndProject
Project("{8BC9CEB8-8B4A-11D0-8D11-00A0C91BC942}") = "4796", "4796\4796.vcxproj", "{8892049C-35F5-4274-8B61-6471243CF811}"
EndProject
Project("{8BC9CEB8-8B4A-11D0-8D11-00A0C91BC942}") = "1449", "1449\1449.vcxproj", "{B42F2DFC-AEB5-4B8B-9C1B-A3BF64581622}"
EndProject
Project("{8BC9CEB8-8B4A-11D0-8D11-00A0C91BC942}") = "11047", "11047\11047.vcxproj", "{753753E8-A11A-4F15-83EA-D4019257FD66}"
EndProject
Project("{8BC9CEB8-8B4A-11D0-8D11-00A0C91BC942}") = "1931", "1931\1931.vcxproj", "{CD3C79B4-3156-4AE4-BDC6-F2AB8C2CA58E}"
EndProject
Project("{8BC9CEB8-8B4A-11D0-8D11-00A0C91BC942}") = "17509", "17509\17509.vcxproj", "{DB1D2BBA-C8D8-40B0-90D2-63964D7F5802}"
EndProject
Project("{8BC9CEB8-8B4A-11D0-8D11-00A0C91BC942}") = "11000", "11000\11000.vcxproj", "{F98D629D-01F3-496F-932D-685CB640A86B}"
EndProject
Project("{8BC9CEB8-8B4A-11D0-8D11-00A0C91BC942}") = "1700", "1700\1700.vcxproj", "{E656ED53-AA88-4824-B429-86AC1EAA02BA}"
EndProject
Project("{8BC9CEB8-8B4A-11D0-8D11-00A0C91BC942}") = "2212", "2212\2212.vcxproj", "{9F74989A-3B8C-475F-815A-65E7B607F568}"
EndProject
Project("{8BC9CEB8-8B4A-11D0-8D11-00A0C91BC942}") = "16225", "16225\16225.vcxproj", "{6CF50B5D-03A7-4984-888B-EAC8337B152A}"
EndProject
Project("{8BC9CEB8-8B4A-11D0-8D11-00A0C91BC942}") = "13904", "13904\13904.vcxproj", "{193275F1-9FE4-4E7E-865F-62E9957FF4EF}"
EndProject
Project("{8BC9CEB8-8B4A-11D0-8D11-00A0C91BC942}") = "1377", "1377\1377.vcxproj", "{B74DEAB8-2DCD-410D-AA3E-172492C75CCB}"
EndProject
Project("{8BC9CEB8-8B4A-11D0-8D11-00A0C91BC942}") = "1493", "1493\1493.vcxproj", "{C22AB857-FF64-4419-BECF-82F4974A39C1}"
EndProject
Project("{8BC9CEB8-8B4A-11D0-8D11-00A0C91BC942}") = "1629", "1629\1629.vcxproj", "{CAC964EB-31A1-47D8-B0B1-5EEB3A776DAF}"
EndProject
Project("{8BC9CEB8-8B4A-11D0-8D11-00A0C91BC942}") = "15576", "15576\15576.vcxproj", "{BA3C0283-9CE1-440B-BFF1-4C44B38FE85B}"
EndProject
Project("{8BC9CEB8-8B4A-11D0-8D11-00A0C91BC942}") = "2104", "2104\2104.vcxproj", "{D5FADDA6-69F9-48C7-80DC-08935B7489C3}"
EndProject
Project("{8BC9CEB8-8B4A-11D0-8D11-00A0C91BC942}") = "2170", "2170\2170.vcxproj", "{D8B135F8-67EA-4C31-B83C-C0A471258B74}"
EndProject
Project("{8BC9CEB8-8B4A-11D0-8D11-00A0C91BC942}") = "1989", "1989\1989.vcxproj", "{2B207835-1C44-4EEE-BF2A-CB17FEF6AD0C}"
EndProject
Project("{8BC9CEB8-8B4A-11D0-8D11-00A0C91BC942}") = "12846", "12846\12846.vcxproj", "{B4E16E2A-22FA-4232-9FAC-72FECEFBF925}"
EndProject
Project("{8BC9CEB8-8B4A-11D0-8D11-00A0C91BC942}") = "1725", "1725\1725.vcxproj", "{B311ECAC-DD4C-4E28-AD1A-1A2F267C1D55}"
EndProject
Project("{8BC9CEB8-8B4A-11D0-8D11-00A0C91BC942}") = "6549", "6549\6549.vcxproj", "{361EBCE7-8D0D-41D5-836C-0A189D9A2003}"
EndProject
Project("{8BC9CEB8-8B4A-11D0-8D11-00A0C91BC942}") = "1280", "1280\1280.vcxproj", "{4B787AC1-7F27-4FE9-87F9-0C053FE10186}"
EndProject
Project("{8BC9CEB8-8B4A-11D0-8D11-00A0C91BC942}") = "2042", "2042\2042.vcxproj", "{0FDACDFF-3A07-4F47-B00E-3926DFC8C286}"
EndProject
Project("{8BC9CEB8-8B4A-11D0-8D11-00A0C91BC942}") = "5620", "5620\5620.vcxproj", "{79514D90-B3A8-4DCD-838E-017A5D95D738}"
EndProject
Project("{8BC9CEB8-8B4A-11D0-8D11-00A0C91BC942}") = "2389", "2389\2389.vcxproj", "{349F46A3-4E42-415B-B4D3-5BCC7B5215F8}"
EndProject
Project("{8BC9CEB8-8B4A-11D0-8D11-00A0C91BC942}") = "1780", "1780\1780.vcxproj", "{91CC2639-ED62-46BF-B3DE-BDC4856ABFEE}"
EndProject
Project("{8BC9CEB8-8B4A-11D0-8D11-00A0C91BC942}") = "1992", "1992\1992.vcxproj", "{680EE5B7-49DD-4828-86B4-DBB2E2F7299E}"
EndProject
Project("{8BC9CEB8-8B4A-11D0-8D11-00A0C91BC942}") = "2339", "2339\2339.vcxproj", "{96C31511-78AF-4EB1-BA01-7A54BB2D7BB6}"
EndProject
Project("{8BC9CEB8-8B4A-11D0-8D11-00A0C91BC942}") = "2574", "2574\2574.vcxproj", "{AEBAB774-E317-4DF2-9A50-232B81E4C259}"
EndProject
Project("{8BC9CEB8-8B4A-11D0-8D11-00A0C91BC942}") = "9465", "9465\9465.vcxproj", "{8E44E9ED-4036-4961-9466-F5A900EA2CD0}"
EndProject
Project("{8BC9CEB8-8B4A-11D0-8D11-00A0C91BC942}") = "2294", "2294\2294.vcxproj", "{8487CF6B-95F0-47B3-9965-ABE8643CE20A}"
EndProject
Project("{8BC9CEB8-8B4A-11D0-8D11-00A0C91BC942}") = "1904", "1904\1904.vcxproj", "{C14692DC-51E9-4FEB-ABCC-2EA3CA88BCAD}"
EndProject
Project("{8BC9CEB8-8B4A-11D0-8D11-00A0C91BC942}") = "16123", "16123\16123.vcxproj", "{64770C3E-20A6-4B7B-AFFE-C92827EB5A91}"
EndProject
Project("{8BC9CEB8-8B4A-11D0-8D11-00A0C91BC942}") = "11726", "11726\11726.vcxproj", "{2977FC95-4F54-4059-B79D-845E57429BEC}"
EndProject
Project("{8BC9CEB8-8B4A-11D0-8D11-00A0C91BC942}") = "11727", "11727\11727.vcxproj", "{9E6F7FAC-D91B-424C-BABB-2768CF80E41A}"
EndProject
Project("{8BC9CEB8-8B4A-11D0-8D11-00A0C91BC942}") = "1699", "1699\1699.vcxproj", "{1DD8B594-341E-490A-9EB7-73B220C3DF86}"
EndProject
Project("{8BC9CEB8-8B4A-11D0-8D11-00A0C91BC942}") = "11052", "11052\11052.vcxproj", "{58F606DF-0DFD-4407-82A6-D0DBCB5287E8}"
EndProject
Project("{8BC9CEB8-8B4A-11D0-8D11-00A0C91BC942}") = "1704", "1704\1704.vcxproj", "{41866686-6175-418B-BC91-59D289999B98}"
EndProject
Project("{8BC9CEB8-8B4A-11D0-8D11-00A0C91BC942}") = "10844", "10844\10844.vcxproj", "{4B09E860-FD36-4CDC-9A15-B3F825F5DE52}"
EndProject
Project("{8BC9CEB8-8B4A-11D0-8D11-00A0C91BC942}") = "11057", "11057\11057.vcxproj", "{7B62B55D-8D11-407F-8B06-72A43636274B}"
EndProject
Project("{8BC9CEB8-8B4A-11D0-8D11-00A0C91BC942}") = "10802", "10802\10802.vcxproj", "{502289E3-AE75-4C72-8865-D893341BDE73}"
EndProject
Project("{8BC9CEB8-8B4A-11D0-8D11-00A0C91BC942}") = "10803", "10803\10803.vcxproj", "{58CCD002-7CE9-4C83-888B-CCA033FF57FA}"
EndProject
Project("{8BC9CEB8-8B4A-11D0-8D11-00A0C91BC942}") = "6989", "6989\6989.vcxproj", "{4BD69044-B8F5-421A-ABD7-6F370260E7E5}"
EndProject
Project("{8BC9CEB8-8B4A-11D0-8D11-00A0C91BC942}") = "12865", "12865\12865.vcxproj", "{FC61806B-EFAC-40F5-A472-2B1BD7AF5E02}"
EndProject
Project("{8BC9CEB8-8B4A-11D0-8D11-00A0C91BC942}") = "16500", "16500\16500.vcxproj", "{DFDADA12-A9F0-48DC-A876-E03F74996F27}"
EndProject
Project("{8BC9CEB8-8B4A-11D0-8D11-00A0C91BC942}") = "11055", "11055\11055.vcxproj", "{0D3B1F56-472D-4A5A-9DC3-DFF3878980AD}"
EndProject
Project("{8BC9CEB8-8B4A-11D0-8D11-00A0C91BC942}") = "2805", "2805\2805.vcxproj", "{9D8783F7-6300-4660-91DA-80C8538E79E1}"
EndProject
Project("{8BC9CEB8-8B4A-11D0-8D11-00A0C91BC942}") = "2512", "2512\2512.vcxproj", "{EA5F9F2F-5050-4CAB-BDA6-CE066D6B4E6F}"
EndProject
Project("{8BC9CEB8-8B4A-11D0-8D11-00A0C91BC942}") = "2343", "2343\2343.vcxproj", "{172B61A7-4764-4610-88D0-99025FE239C1}"
EndProject
Project("{8BC9CEB8-8B4A-11D0-8D11-00A0C91BC942}") = "10000", "10000\10000.vcxproj", "{E45B28F9-D04E-4B33-AD19-5F4EF08EC943}"
EndProject
Project("{8BC9CEB8-8B4A-11D0-8D11-00A0C91BC942}") = "10805", "10805\10805.vcxproj", "{E25CE0F7-AE00-47C2-96B5-AAA958C0CDB3}"
EndProject
Project("{8BC9CEB8-8B4A-11D0-8D11-00A0C91BC942}") = "6236", "6236\6236.vcxproj", "{80349286-BA62-4EAA-8662-7CDF81CFE561}"
EndProject
Project("{8BC9CEB8-8B4A-11D0-8D11-00A0C91BC942}") = "1654", "1654\1654.vcxproj", "{F1823B3F-6B53-4129-9C7D-A1F853146D0E}"
EndProject
Project("{8BC9CEB8-8B4A-11D0-8D11-00A0C91BC942}") = "2110", "2110\2110.vcxproj", "{F3F3D46E-90B2-405D-9759-77B5EF032929}"
EndProject
Project("{8BC9CEB8-8B4A-11D0-8D11-00A0C91BC942}") = "16434", "16434\16434.vcxproj", "{35065025-C306-4653-AAC3-8F874348B048}"
EndProject
Project("{8BC9CEB8-8B4A-11D0-8D11-00A0C91BC942}") = "15732", "15732\15732.vcxproj", "{843A4514-C007-4F93-9793-8C17C5BACDD2}"
EndProject
Project("{8BC9CEB8-8B4A-11D0-8D11-00A0C91BC942}") = "1300", "1300\1300.vcxproj", "{0D41DAC5-F4AC-465E-9364-0E93643CED94}"
EndProject
Project("{8BC9CEB8-8B4A-11D0-8D11-00A0C91BC942}") = "3889", "3889\3889.vcxproj", "{8C8DB9D0-0C32-457A-B18E-4E5B02BA8EA7}"
EndProject
Global
	GlobalSection(SolutionConfigurationPlatforms) = preSolution
		Debug|x64 = Debug|x64
		Debug|x86 = Debug|x86
		Release|x64 = Release|x64
		Release|x86 = Release|x86
	EndGlobalSection
	GlobalSection(ProjectConfigurationPlatforms) = postSolution
		{6A33CE62-807C-4383-95A3-5871E57FCD01}.Debug|x64.ActiveCfg = Debug|x64
		{6A33CE62-807C-4383-95A3-5871E57FCD01}.Debug|x64.Build.0 = Debug|x64
		{6A33CE62-807C-4383-95A3-5871E57FCD01}.Debug|x86.ActiveCfg = Debug|Win32
		{6A33CE62-807C-4383-95A3-5871E57FCD01}.Debug|x86.Build.0 = Debug|Win32
		{6A33CE62-807C-4383-95A3-5871E57FCD01}.Release|x64.ActiveCfg = Release|x64
		{6A33CE62-807C-4383-95A3-5871E57FCD01}.Release|x64.Build.0 = Release|x64
		{6A33CE62-807C-4383-95A3-5871E57FCD01}.Release|x86.ActiveCfg = Release|Win32
		{6A33CE62-807C-4383-95A3-5871E57FCD01}.Release|x86.Build.0 = Release|Win32
		{7FCD679D-9A90-4578-B981-40AA51837B25}.Debug|x64.ActiveCfg = Debug|x64
		{7FCD679D-9A90-4578-B981-40AA51837B25}.Debug|x64.Build.0 = Debug|x64
		{7FCD679D-9A90-4578-B981-40AA51837B25}.Debug|x86.ActiveCfg = Debug|Win32
		{7FCD679D-9A90-4578-B981-40AA51837B25}.Debug|x86.Build.0 = Debug|Win32
		{7FCD679D-9A90-4578-B981-40AA51837B25}.Release|x64.ActiveCfg = Release|x64
		{7FCD679D-9A90-4578-B981-40AA51837B25}.Release|x64.Build.0 = Release|x64
		{7FCD679D-9A90-4578-B981-40AA51837B25}.Release|x86.ActiveCfg = Release|Win32
		{7FCD679D-9A90-4578-B981-40AA51837B25}.Release|x86.Build.0 = Release|Win32
		{5F945B9A-2B95-4A45-BEE2-E1727A39AF15}.Debug|x64.ActiveCfg = Debug|x64
		{5F945B9A-2B95-4A45-BEE2-E1727A39AF15}.Debug|x64.Build.0 = Debug|x64
		{5F945B9A-2B95-4A45-BEE2-E1727A39AF15}.Debug|x86.ActiveCfg = Debug|Win32
		{5F945B9A-2B95-4A45-BEE2-E1727A39AF15}.Debug|x86.Build.0 = Debug|Win32
		{5F945B9A-2B95-4A45-BEE2-E1727A39AF15}.Release|x64.ActiveCfg = Release|x64
		{5F945B9A-2B95-4A45-BEE2-E1727A39AF15}.Release|x64.Build.0 = Release|x64
		{5F945B9A-2B95-4A45-BEE2-E1727A39AF15}.Release|x86.ActiveCfg = Release|Win32
		{5F945B9A-2B95-4A45-BEE2-E1727A39AF15}.Release|x86.Build.0 = Release|Win32
		{87B3B4CA-5F1B-464D-9929-9A828DC1F503}.Debug|x64.ActiveCfg = Debug|x64
		{87B3B4CA-5F1B-464D-9929-9A828DC1F503}.Debug|x64.Build.0 = Debug|x64
		{87B3B4CA-5F1B-464D-9929-9A828DC1F503}.Debug|x86.ActiveCfg = Debug|Win32
		{87B3B4CA-5F1B-464D-9929-9A828DC1F503}.Debug|x86.Build.0 = Debug|Win32
		{87B3B4CA-5F1B-464D-9929-9A828DC1F503}.Release|x64.ActiveCfg = Release|x64
		{87B3B4CA-5F1B-464D-9929-9A828DC1F503}.Release|x64.Build.0 = Release|x64
		{87B3B4CA-5F1B-464D-9929-9A828DC1F503}.Release|x86.ActiveCfg = Release|Win32
		{87B3B4CA-5F1B-464D-9929-9A828DC1F503}.Release|x86.Build.0 = Release|Win32
		{FB956304-3000-4976-AE03-9BFB78642996}.Debug|x64.ActiveCfg = Debug|x64
		{FB956304-3000-4976-AE03-9BFB78642996}.Debug|x64.Build.0 = Debug|x64
		{FB956304-3000-4976-AE03-9BFB78642996}.Debug|x86.ActiveCfg = Debug|Win32
		{FB956304-3000-4976-AE03-9BFB78642996}.Debug|x86.Build.0 = Debug|Win32
		{FB956304-3000-4976-AE03-9BFB78642996}.Release|x64.ActiveCfg = Release|x64
		{FB956304-3000-4976-AE03-9BFB78642996}.Release|x64.Build.0 = Release|x64
		{FB956304-3000-4976-AE03-9BFB78642996}.Release|x86.ActiveCfg = Release|Win32
		{FB956304-3000-4976-AE03-9BFB78642996}.Release|x86.Build.0 = Release|Win32
		{5A4A55B9-CD2A-41A7-8DD4-E8C0EE904DD9}.Debug|x64.ActiveCfg = Debug|x64
		{5A4A55B9-CD2A-41A7-8DD4-E8C0EE904DD9}.Debug|x64.Build.0 = Debug|x64
		{5A4A55B9-CD2A-41A7-8DD4-E8C0EE904DD9}.Debug|x86.ActiveCfg = Debug|Win32
		{5A4A55B9-CD2A-41A7-8DD4-E8C0EE904DD9}.Debug|x86.Build.0 = Debug|Win32
		{5A4A55B9-CD2A-41A7-8DD4-E8C0EE904DD9}.Release|x64.ActiveCfg = Release|x64
		{5A4A55B9-CD2A-41A7-8DD4-E8C0EE904DD9}.Release|x64.Build.0 = Release|x64
		{5A4A55B9-CD2A-41A7-8DD4-E8C0EE904DD9}.Release|x86.ActiveCfg = Release|Win32
		{5A4A55B9-CD2A-41A7-8DD4-E8C0EE904DD9}.Release|x86.Build.0 = Release|Win32
		{42FA92F6-B8FB-486E-B40A-CDA181EA5AF1}.Debug|x64.ActiveCfg = Debug|x64
		{42FA92F6-B8FB-486E-B40A-CDA181EA5AF1}.Debug|x64.Build.0 = Debug|x64
		{42FA92F6-B8FB-486E-B40A-CDA181EA5AF1}.Debug|x86.ActiveCfg = Debug|Win32
		{42FA92F6-B8FB-486E-B40A-CDA181EA5AF1}.Debug|x86.Build.0 = Debug|Win32
		{42FA92F6-B8FB-486E-B40A-CDA181EA5AF1}.Release|x64.ActiveCfg = Release|x64
		{42FA92F6-B8FB-486E-B40A-CDA181EA5AF1}.Release|x64.Build.0 = Release|x64
		{42FA92F6-B8FB-486E-B40A-CDA181EA5AF1}.Release|x86.ActiveCfg = Release|Win32
		{42FA92F6-B8FB-486E-B40A-CDA181EA5AF1}.Release|x86.Build.0 = Release|Win32
		{570F26E6-BCAA-41C3-8DCC-4782FA8D4D23}.Debug|x64.ActiveCfg = Debug|x64
		{570F26E6-BCAA-41C3-8DCC-4782FA8D4D23}.Debug|x64.Build.0 = Debug|x64
		{570F26E6-BCAA-41C3-8DCC-4782FA8D4D23}.Debug|x86.ActiveCfg = Debug|Win32
		{570F26E6-BCAA-41C3-8DCC-4782FA8D4D23}.Debug|x86.Build.0 = Debug|Win32
		{570F26E6-BCAA-41C3-8DCC-4782FA8D4D23}.Release|x64.ActiveCfg = Release|x64
		{570F26E6-BCAA-41C3-8DCC-4782FA8D4D23}.Release|x64.Build.0 = Release|x64
		{570F26E6-BCAA-41C3-8DCC-4782FA8D4D23}.Release|x86.ActiveCfg = Release|Win32
		{570F26E6-BCAA-41C3-8DCC-4782FA8D4D23}.Release|x86.Build.0 = Release|Win32
		{E453D5CE-E700-43C7-9EDE-2F832EDF58D1}.Debug|x64.ActiveCfg = Debug|x64
		{E453D5CE-E700-43C7-9EDE-2F832EDF58D1}.Debug|x64.Build.0 = Debug|x64
		{E453D5CE-E700-43C7-9EDE-2F832EDF58D1}.Debug|x86.ActiveCfg = Debug|Win32
		{E453D5CE-E700-43C7-9EDE-2F832EDF58D1}.Debug|x86.Build.0 = Debug|Win32
		{E453D5CE-E700-43C7-9EDE-2F832EDF58D1}.Release|x64.ActiveCfg = Release|x64
		{E453D5CE-E700-43C7-9EDE-2F832EDF58D1}.Release|x64.Build.0 = Release|x64
		{E453D5CE-E700-43C7-9EDE-2F832EDF58D1}.Release|x86.ActiveCfg = Release|Win32
		{E453D5CE-E700-43C7-9EDE-2F832EDF58D1}.Release|x86.Build.0 = Release|Win32
		{1DF41CAA-DBAB-478A-B738-36E2EC615962}.Debug|x64.ActiveCfg = Debug|x64
		{1DF41CAA-DBAB-478A-B738-36E2EC615962}.Debug|x64.Build.0 = Debug|x64
		{1DF41CAA-DBAB-478A-B738-36E2EC615962}.Debug|x86.ActiveCfg = Debug|Win32
		{1DF41CAA-DBAB-478A-B738-36E2EC615962}.Debug|x86.Build.0 = Debug|Win32
		{1DF41CAA-DBAB-478A-B738-36E2EC615962}.Release|x64.ActiveCfg = Release|x64
		{1DF41CAA-DBAB-478A-B738-36E2EC615962}.Release|x64.Build.0 = Release|x64
		{1DF41CAA-DBAB-478A-B738-36E2EC615962}.Release|x86.ActiveCfg = Release|Win32
		{1DF41CAA-DBAB-478A-B738-36E2EC615962}.Release|x86.Build.0 = Release|Win32
		{723505BE-FAFB-4E25-AC63-9D7BE8AA3259}.Debug|x64.ActiveCfg = Debug|x64
		{723505BE-FAFB-4E25-AC63-9D7BE8AA3259}.Debug|x64.Build.0 = Debug|x64
		{723505BE-FAFB-4E25-AC63-9D7BE8AA3259}.Debug|x86.ActiveCfg = Debug|Win32
		{723505BE-FAFB-4E25-AC63-9D7BE8AA3259}.Debug|x86.Build.0 = Debug|Win32
		{723505BE-FAFB-4E25-AC63-9D7BE8AA3259}.Release|x64.ActiveCfg = Release|x64
		{723505BE-FAFB-4E25-AC63-9D7BE8AA3259}.Release|x64.Build.0 = Release|x64
		{723505BE-FAFB-4E25-AC63-9D7BE8AA3259}.Release|x86.ActiveCfg = Release|Win32
		{723505BE-FAFB-4E25-AC63-9D7BE8AA3259}.Release|x86.Build.0 = Release|Win32
		{5DF7035E-85CC-4AF6-B10A-369804809E92}.Debug|x64.ActiveCfg = Debug|x64
		{5DF7035E-85CC-4AF6-B10A-369804809E92}.Debug|x64.Build.0 = Debug|x64
		{5DF7035E-85CC-4AF6-B10A-369804809E92}.Debug|x86.ActiveCfg = Debug|Win32
		{5DF7035E-85CC-4AF6-B10A-369804809E92}.Debug|x86.Build.0 = Debug|Win32
		{5DF7035E-85CC-4AF6-B10A-369804809E92}.Release|x64.ActiveCfg = Release|x64
		{5DF7035E-85CC-4AF6-B10A-369804809E92}.Release|x64.Build.0 = Release|x64
		{5DF7035E-85CC-4AF6-B10A-369804809E92}.Release|x86.ActiveCfg = Release|Win32
		{5DF7035E-85CC-4AF6-B10A-369804809E92}.Release|x86.Build.0 = Release|Win32
		{559B635C-4836-47DC-AE01-448BB220DE0B}.Debug|x64.ActiveCfg = Debug|x64
		{559B635C-4836-47DC-AE01-448BB220DE0B}.Debug|x64.Build.0 = Debug|x64
		{559B635C-4836-47DC-AE01-448BB220DE0B}.Debug|x86.ActiveCfg = Debug|Win32
		{559B635C-4836-47DC-AE01-448BB220DE0B}.Debug|x86.Build.0 = Debug|Win32
		{559B635C-4836-47DC-AE01-448BB220DE0B}.Release|x64.ActiveCfg = Release|x64
		{559B635C-4836-47DC-AE01-448BB220DE0B}.Release|x64.Build.0 = Release|x64
		{559B635C-4836-47DC-AE01-448BB220DE0B}.Release|x86.ActiveCfg = Release|Win32
		{559B635C-4836-47DC-AE01-448BB220DE0B}.Release|x86.Build.0 = Release|Win32
		{9ADFCDE4-78E5-4E9E-B789-BE19CE787F9E}.Debug|x64.ActiveCfg = Debug|x64
		{9ADFCDE4-78E5-4E9E-B789-BE19CE787F9E}.Debug|x64.Build.0 = Debug|x64
		{9ADFCDE4-78E5-4E9E-B789-BE19CE787F9E}.Debug|x86.ActiveCfg = Debug|Win32
		{9ADFCDE4-78E5-4E9E-B789-BE19CE787F9E}.Debug|x86.Build.0 = Debug|Win32
		{9ADFCDE4-78E5-4E9E-B789-BE19CE787F9E}.Release|x64.ActiveCfg = Release|x64
		{9ADFCDE4-78E5-4E9E-B789-BE19CE787F9E}.Release|x64.Build.0 = Release|x64
		{9ADFCDE4-78E5-4E9E-B789-BE19CE787F9E}.Release|x86.ActiveCfg = Release|Win32
		{9ADFCDE4-78E5-4E9E-B789-BE19CE787F9E}.Release|x86.Build.0 = Release|Win32
		{6B223F5F-5C8A-43AF-9702-DC31C136202D}.Debug|x64.ActiveCfg = Debug|x64
		{6B223F5F-5C8A-43AF-9702-DC31C136202D}.Debug|x64.Build.0 = Debug|x64
		{6B223F5F-5C8A-43AF-9702-DC31C136202D}.Debug|x86.ActiveCfg = Debug|Win32
		{6B223F5F-5C8A-43AF-9702-DC31C136202D}.Debug|x86.Build.0 = Debug|Win32
		{6B223F5F-5C8A-43AF-9702-DC31C136202D}.Release|x64.ActiveCfg = Release|x64
		{6B223F5F-5C8A-43AF-9702-DC31C136202D}.Release|x64.Build.0 = Release|x64
		{6B223F5F-5C8A-43AF-9702-DC31C136202D}.Release|x86.ActiveCfg = Release|Win32
		{6B223F5F-5C8A-43AF-9702-DC31C136202D}.Release|x86.Build.0 = Release|Win32
		{DA5C19F1-3D2E-4FAC-8814-C9A7B07613AB}.Debug|x64.ActiveCfg = Debug|x64
		{DA5C19F1-3D2E-4FAC-8814-C9A7B07613AB}.Debug|x64.Build.0 = Debug|x64
		{DA5C19F1-3D2E-4FAC-8814-C9A7B07613AB}.Debug|x86.ActiveCfg = Debug|Win32
		{DA5C19F1-3D2E-4FAC-8814-C9A7B07613AB}.Debug|x86.Build.0 = Debug|Win32
		{DA5C19F1-3D2E-4FAC-8814-C9A7B07613AB}.Release|x64.ActiveCfg = Release|x64
		{DA5C19F1-3D2E-4FAC-8814-C9A7B07613AB}.Release|x64.Build.0 = Release|x64
		{DA5C19F1-3D2E-4FAC-8814-C9A7B07613AB}.Release|x86.ActiveCfg = Release|Win32
		{DA5C19F1-3D2E-4FAC-8814-C9A7B07613AB}.Release|x86.Build.0 = Release|Win32
		{705FCD38-C642-442E-A38D-56D2F7D16EA0}.Debug|x64.ActiveCfg = Debug|x64
		{705FCD38-C642-442E-A38D-56D2F7D16EA0}.Debug|x64.Build.0 = Debug|x64
		{705FCD38-C642-442E-A38D-56D2F7D16EA0}.Debug|x86.ActiveCfg = Debug|Win32
		{705FCD38-C642-442E-A38D-56D2F7D16EA0}.Debug|x86.Build.0 = Debug|Win32
		{705FCD38-C642-442E-A38D-56D2F7D16EA0}.Release|x64.ActiveCfg = Release|x64
		{705FCD38-C642-442E-A38D-56D2F7D16EA0}.Release|x64.Build.0 = Release|x64
		{705FCD38-C642-442E-A38D-56D2F7D16EA0}.Release|x86.ActiveCfg = Release|Win32
		{705FCD38-C642-442E-A38D-56D2F7D16EA0}.Release|x86.Build.0 = Release|Win32
		{146D02F7-A206-4A42-BB61-0C1E94F84820}.Debug|x64.ActiveCfg = Debug|x64
		{146D02F7-A206-4A42-BB61-0C1E94F84820}.Debug|x64.Build.0 = Debug|x64
		{146D02F7-A206-4A42-BB61-0C1E94F84820}.Debug|x86.ActiveCfg = Debug|Win32
		{146D02F7-A206-4A42-BB61-0C1E94F84820}.Debug|x86.Build.0 = Debug|Win32
		{146D02F7-A206-4A42-BB61-0C1E94F84820}.Release|x64.ActiveCfg = Release|x64
		{146D02F7-A206-4A42-BB61-0C1E94F84820}.Release|x64.Build.0 = Release|x64
		{146D02F7-A206-4A42-BB61-0C1E94F84820}.Release|x86.ActiveCfg = Release|Win32
		{146D02F7-A206-4A42-BB61-0C1E94F84820}.Release|x86.Build.0 = Release|Win32
		{A32EA68F-CD70-4633-981E-061077321E80}.Debug|x64.ActiveCfg = Debug|x64
		{A32EA68F-CD70-4633-981E-061077321E80}.Debug|x64.Build.0 = Debug|x64
		{A32EA68F-CD70-4633-981E-061077321E80}.Debug|x86.ActiveCfg = Debug|Win32
		{A32EA68F-CD70-4633-981E-061077321E80}.Debug|x86.Build.0 = Debug|Win32
		{A32EA68F-CD70-4633-981E-061077321E80}.Release|x64.ActiveCfg = Release|x64
		{A32EA68F-CD70-4633-981E-061077321E80}.Release|x64.Build.0 = Release|x64
		{A32EA68F-CD70-4633-981E-061077321E80}.Release|x86.ActiveCfg = Release|Win32
		{A32EA68F-CD70-4633-981E-061077321E80}.Release|x86.Build.0 = Release|Win32
		{A63804AE-53C7-474E-8AEE-3D7818946588}.Debug|x64.ActiveCfg = Debug|x64
		{A63804AE-53C7-474E-8AEE-3D7818946588}.Debug|x64.Build.0 = Debug|x64
		{A63804AE-53C7-474E-8AEE-3D7818946588}.Debug|x86.ActiveCfg = Debug|Win32
		{A63804AE-53C7-474E-8AEE-3D7818946588}.Debug|x86.Build.0 = Debug|Win32
		{A63804AE-53C7-474E-8AEE-3D7818946588}.Release|x64.ActiveCfg = Release|x64
		{A63804AE-53C7-474E-8AEE-3D7818946588}.Release|x64.Build.0 = Release|x64
		{A63804AE-53C7-474E-8AEE-3D7818946588}.Release|x86.ActiveCfg = Release|Win32
		{A63804AE-53C7-474E-8AEE-3D7818946588}.Release|x86.Build.0 = Release|Win32
		{B693F824-D2AF-4095-9ABB-C7FF5DD645AC}.Debug|x64.ActiveCfg = Debug|x64
		{B693F824-D2AF-4095-9ABB-C7FF5DD645AC}.Debug|x64.Build.0 = Debug|x64
		{B693F824-D2AF-4095-9ABB-C7FF5DD645AC}.Debug|x86.ActiveCfg = Debug|Win32
		{B693F824-D2AF-4095-9ABB-C7FF5DD645AC}.Debug|x86.Build.0 = Debug|Win32
		{B693F824-D2AF-4095-9ABB-C7FF5DD645AC}.Release|x64.ActiveCfg = Release|x64
		{B693F824-D2AF-4095-9ABB-C7FF5DD645AC}.Release|x64.Build.0 = Release|x64
		{B693F824-D2AF-4095-9ABB-C7FF5DD645AC}.Release|x86.ActiveCfg = Release|Win32
		{B693F824-D2AF-4095-9ABB-C7FF5DD645AC}.Release|x86.Build.0 = Release|Win32
		{DD4FE5D6-1B8E-4F85-8472-5D76536E38EC}.Debug|x64.ActiveCfg = Debug|x64
		{DD4FE5D6-1B8E-4F85-8472-5D76536E38EC}.Debug|x64.Build.0 = Debug|x64
		{DD4FE5D6-1B8E-4F85-8472-5D76536E38EC}.Debug|x86.ActiveCfg = Debug|Win32
		{DD4FE5D6-1B8E-4F85-8472-5D76536E38EC}.Debug|x86.Build.0 = Debug|Win32
		{DD4FE5D6-1B8E-4F85-8472-5D76536E38EC}.Release|x64.ActiveCfg = Release|x64
		{DD4FE5D6-1B8E-4F85-8472-5D76536E38EC}.Release|x64.Build.0 = Release|x64
		{DD4FE5D6-1B8E-4F85-8472-5D76536E38EC}.Release|x86.ActiveCfg = Release|Win32
		{DD4FE5D6-1B8E-4F85-8472-5D76536E38EC}.Release|x86.Build.0 = Release|Win32
		{8CB6184D-65C9-45A1-82B0-2A13CBDAC423}.Debug|x64.ActiveCfg = Debug|x64
		{8CB6184D-65C9-45A1-82B0-2A13CBDAC423}.Debug|x64.Build.0 = Debug|x64
		{8CB6184D-65C9-45A1-82B0-2A13CBDAC423}.Debug|x86.ActiveCfg = Debug|Win32
		{8CB6184D-65C9-45A1-82B0-2A13CBDAC423}.Debug|x86.Build.0 = Debug|Win32
		{8CB6184D-65C9-45A1-82B0-2A13CBDAC423}.Release|x64.ActiveCfg = Release|x64
		{8CB6184D-65C9-45A1-82B0-2A13CBDAC423}.Release|x64.Build.0 = Release|x64
		{8CB6184D-65C9-45A1-82B0-2A13CBDAC423}.Release|x86.ActiveCfg = Release|Win32
		{8CB6184D-65C9-45A1-82B0-2A13CBDAC423}.Release|x86.Build.0 = Release|Win32
		{0FF9FF13-FD80-4864-85A9-242670F45135}.Debug|x64.ActiveCfg = Debug|x64
		{0FF9FF13-FD80-4864-85A9-242670F45135}.Debug|x64.Build.0 = Debug|x64
		{0FF9FF13-FD80-4864-85A9-242670F45135}.Debug|x86.ActiveCfg = Debug|Win32
		{0FF9FF13-FD80-4864-85A9-242670F45135}.Debug|x86.Build.0 = Debug|Win32
		{0FF9FF13-FD80-4864-85A9-242670F45135}.Release|x64.ActiveCfg = Release|x64
		{0FF9FF13-FD80-4864-85A9-242670F45135}.Release|x64.Build.0 = Release|x64
		{0FF9FF13-FD80-4864-85A9-242670F45135}.Release|x86.ActiveCfg = Release|Win32
		{0FF9FF13-FD80-4864-85A9-242670F45135}.Release|x86.Build.0 = Release|Win32
		{BA028AF2-0799-4280-B527-9C6FD2837697}.Debug|x64.ActiveCfg = Debug|x64
		{BA028AF2-0799-4280-B527-9C6FD2837697}.Debug|x64.Build.0 = Debug|x64
		{BA028AF2-0799-4280-B527-9C6FD2837697}.Debug|x86.ActiveCfg = Debug|Win32
		{BA028AF2-0799-4280-B527-9C6FD2837697}.Debug|x86.Build.0 = Debug|Win32
		{BA028AF2-0799-4280-B527-9C6FD2837697}.Release|x64.ActiveCfg = Release|x64
		{BA028AF2-0799-4280-B527-9C6FD2837697}.Release|x64.Build.0 = Release|x64
		{BA028AF2-0799-4280-B527-9C6FD2837697}.Release|x86.ActiveCfg = Release|Win32
		{BA028AF2-0799-4280-B527-9C6FD2837697}.Release|x86.Build.0 = Release|Win32
		{CE996A67-A192-4CCA-9919-D8EBC0491A84}.Debug|x64.ActiveCfg = Debug|x64
		{CE996A67-A192-4CCA-9919-D8EBC0491A84}.Debug|x64.Build.0 = Debug|x64
		{CE996A67-A192-4CCA-9919-D8EBC0491A84}.Debug|x86.ActiveCfg = Debug|Win32
		{CE996A67-A192-4CCA-9919-D8EBC0491A84}.Debug|x86.Build.0 = Debug|Win32
		{CE996A67-A192-4CCA-9919-D8EBC0491A84}.Release|x64.ActiveCfg = Release|x64
		{CE996A67-A192-4CCA-9919-D8EBC0491A84}.Release|x64.Build.0 = Release|x64
		{CE996A67-A192-4CCA-9919-D8EBC0491A84}.Release|x86.ActiveCfg = Release|Win32
		{CE996A67-A192-4CCA-9919-D8EBC0491A84}.Release|x86.Build.0 = Release|Win32
		{5CD9C37C-5F4F-47B6-9033-F30B2A6FC300}.Debug|x64.ActiveCfg = Debug|x64
		{5CD9C37C-5F4F-47B6-9033-F30B2A6FC300}.Debug|x64.Build.0 = Debug|x64
		{5CD9C37C-5F4F-47B6-9033-F30B2A6FC300}.Debug|x86.ActiveCfg = Debug|Win32
		{5CD9C37C-5F4F-47B6-9033-F30B2A6FC300}.Debug|x86.Build.0 = Debug|Win32
		{5CD9C37C-5F4F-47B6-9033-F30B2A6FC300}.Release|x64.ActiveCfg = Release|x64
		{5CD9C37C-5F4F-47B6-9033-F30B2A6FC300}.Release|x64.Build.0 = Release|x64
		{5CD9C37C-5F4F-47B6-9033-F30B2A6FC300}.Release|x86.ActiveCfg = Release|Win32
		{5CD9C37C-5F4F-47B6-9033-F30B2A6FC300}.Release|x86.Build.0 = Release|Win32
		{B7390E8A-DC76-4674-B531-03B3C0AE91EA}.Debug|x64.ActiveCfg = Debug|x64
		{B7390E8A-DC76-4674-B531-03B3C0AE91EA}.Debug|x64.Build.0 = Debug|x64
		{B7390E8A-DC76-4674-B531-03B3C0AE91EA}.Debug|x86.ActiveCfg = Debug|Win32
		{B7390E8A-DC76-4674-B531-03B3C0AE91EA}.Debug|x86.Build.0 = Debug|Win32
		{B7390E8A-DC76-4674-B531-03B3C0AE91EA}.Release|x64.ActiveCfg = Release|x64
		{B7390E8A-DC76-4674-B531-03B3C0AE91EA}.Release|x64.Build.0 = Release|x64
		{B7390E8A-DC76-4674-B531-03B3C0AE91EA}.Release|x86.ActiveCfg = Release|Win32
		{B7390E8A-DC76-4674-B531-03B3C0AE91EA}.Release|x86.Build.0 = Release|Win32
		{06D1D219-7C27-405F-8698-D98FDA3FCD76}.Debug|x64.ActiveCfg = Debug|x64
		{06D1D219-7C27-405F-8698-D98FDA3FCD76}.Debug|x64.Build.0 = Debug|x64
		{06D1D219-7C27-405F-8698-D98FDA3FCD76}.Debug|x86.ActiveCfg = Debug|Win32
		{06D1D219-7C27-405F-8698-D98FDA3FCD76}.Debug|x86.Build.0 = Debug|Win32
		{06D1D219-7C27-405F-8698-D98FDA3FCD76}.Release|x64.ActiveCfg = Release|x64
		{06D1D219-7C27-405F-8698-D98FDA3FCD76}.Release|x64.Build.0 = Release|x64
		{06D1D219-7C27-405F-8698-D98FDA3FCD76}.Release|x86.ActiveCfg = Release|Win32
		{06D1D219-7C27-405F-8698-D98FDA3FCD76}.Release|x86.Build.0 = Release|Win32
		{AF893F83-1077-47F1-8281-515EF068D98D}.Debug|x64.ActiveCfg = Debug|x64
		{AF893F83-1077-47F1-8281-515EF068D98D}.Debug|x64.Build.0 = Debug|x64
		{AF893F83-1077-47F1-8281-515EF068D98D}.Debug|x86.ActiveCfg = Debug|Win32
		{AF893F83-1077-47F1-8281-515EF068D98D}.Debug|x86.Build.0 = Debug|Win32
		{AF893F83-1077-47F1-8281-515EF068D98D}.Release|x64.ActiveCfg = Release|x64
		{AF893F83-1077-47F1-8281-515EF068D98D}.Release|x64.Build.0 = Release|x64
		{AF893F83-1077-47F1-8281-515EF068D98D}.Release|x86.ActiveCfg = Release|Win32
		{AF893F83-1077-47F1-8281-515EF068D98D}.Release|x86.Build.0 = Release|Win32
		{F0EC4A06-0F1C-4B44-A3D2-D3F5FA3747D9}.Debug|x64.ActiveCfg = Debug|x64
		{F0EC4A06-0F1C-4B44-A3D2-D3F5FA3747D9}.Debug|x64.Build.0 = Debug|x64
		{F0EC4A06-0F1C-4B44-A3D2-D3F5FA3747D9}.Debug|x86.ActiveCfg = Debug|Win32
		{F0EC4A06-0F1C-4B44-A3D2-D3F5FA3747D9}.Debug|x86.Build.0 = Debug|Win32
		{F0EC4A06-0F1C-4B44-A3D2-D3F5FA3747D9}.Release|x64.ActiveCfg = Release|x64
		{F0EC4A06-0F1C-4B44-A3D2-D3F5FA3747D9}.Release|x64.Build.0 = Release|x64
		{F0EC4A06-0F1C-4B44-A3D2-D3F5FA3747D9}.Release|x86.ActiveCfg = Release|Win32
		{F0EC4A06-0F1C-4B44-A3D2-D3F5FA3747D9}.Release|x86.Build.0 = Release|Win32
		{78DEB6B9-18AA-48F4-9FE3-3F83E30EBB7D}.Debug|x64.ActiveCfg = Debug|x64
		{78DEB6B9-18AA-48F4-9FE3-3F83E30EBB7D}.Debug|x64.Build.0 = Debug|x64
		{78DEB6B9-18AA-48F4-9FE3-3F83E30EBB7D}.Debug|x86.ActiveCfg = Debug|Win32
		{78DEB6B9-18AA-48F4-9FE3-3F83E30EBB7D}.Debug|x86.Build.0 = Debug|Win32
		{78DEB6B9-18AA-48F4-9FE3-3F83E30EBB7D}.Release|x64.ActiveCfg = Release|x64
		{78DEB6B9-18AA-48F4-9FE3-3F83E30EBB7D}.Release|x64.Build.0 = Release|x64
		{78DEB6B9-18AA-48F4-9FE3-3F83E30EBB7D}.Release|x86.ActiveCfg = Release|Win32
		{78DEB6B9-18AA-48F4-9FE3-3F83E30EBB7D}.Release|x86.Build.0 = Release|Win32
		{26057AB3-F755-42C7-AA56-8AE022A78A2E}.Debug|x64.ActiveCfg = Debug|x64
		{26057AB3-F755-42C7-AA56-8AE022A78A2E}.Debug|x64.Build.0 = Debug|x64
		{26057AB3-F755-42C7-AA56-8AE022A78A2E}.Debug|x86.ActiveCfg = Debug|Win32
		{26057AB3-F755-42C7-AA56-8AE022A78A2E}.Debug|x86.Build.0 = Debug|Win32
		{26057AB3-F755-42C7-AA56-8AE022A78A2E}.Release|x64.ActiveCfg = Release|x64
		{26057AB3-F755-42C7-AA56-8AE022A78A2E}.Release|x64.Build.0 = Release|x64
		{26057AB3-F755-42C7-AA56-8AE022A78A2E}.Release|x86.ActiveCfg = Release|Win32
		{26057AB3-F755-42C7-AA56-8AE022A78A2E}.Release|x86.Build.0 = Release|Win32
		{E8F48D69-2465-4F22-9A71-EDD1E6E2922C}.Debug|x64.ActiveCfg = Debug|x64
		{E8F48D69-2465-4F22-9A71-EDD1E6E2922C}.Debug|x64.Build.0 = Debug|x64
		{E8F48D69-2465-4F22-9A71-EDD1E6E2922C}.Debug|x86.ActiveCfg = Debug|Win32
		{E8F48D69-2465-4F22-9A71-EDD1E6E2922C}.Debug|x86.Build.0 = Debug|Win32
		{E8F48D69-2465-4F22-9A71-EDD1E6E2922C}.Release|x64.ActiveCfg = Release|x64
		{E8F48D69-2465-4F22-9A71-EDD1E6E2922C}.Release|x64.Build.0 = Release|x64
		{E8F48D69-2465-4F22-9A71-EDD1E6E2922C}.Release|x86.ActiveCfg = Release|Win32
		{E8F48D69-2465-4F22-9A71-EDD1E6E2922C}.Release|x86.Build.0 = Release|Win32
		{6378EE23-FBFB-4AB8-B653-7B26BD8C6C87}.Debug|x64.ActiveCfg = Debug|x64
		{6378EE23-FBFB-4AB8-B653-7B26BD8C6C87}.Debug|x64.Build.0 = Debug|x64
		{6378EE23-FBFB-4AB8-B653-7B26BD8C6C87}.Debug|x86.ActiveCfg = Debug|Win32
		{6378EE23-FBFB-4AB8-B653-7B26BD8C6C87}.Debug|x86.Build.0 = Debug|Win32
		{6378EE23-FBFB-4AB8-B653-7B26BD8C6C87}.Release|x64.ActiveCfg = Release|x64
		{6378EE23-FBFB-4AB8-B653-7B26BD8C6C87}.Release|x64.Build.0 = Release|x64
		{6378EE23-FBFB-4AB8-B653-7B26BD8C6C87}.Release|x86.ActiveCfg = Release|Win32
		{6378EE23-FBFB-4AB8-B653-7B26BD8C6C87}.Release|x86.Build.0 = Release|Win32
		{FB5AEFA0-0F76-4E1C-A0A7-946612E3CC65}.Debug|x64.ActiveCfg = Debug|x64
		{FB5AEFA0-0F76-4E1C-A0A7-946612E3CC65}.Debug|x64.Build.0 = Debug|x64
		{FB5AEFA0-0F76-4E1C-A0A7-946612E3CC65}.Debug|x86.ActiveCfg = Debug|Win32
		{FB5AEFA0-0F76-4E1C-A0A7-946612E3CC65}.Debug|x86.Build.0 = Debug|Win32
		{FB5AEFA0-0F76-4E1C-A0A7-946612E3CC65}.Release|x64.ActiveCfg = Release|x64
		{FB5AEFA0-0F76-4E1C-A0A7-946612E3CC65}.Release|x64.Build.0 = Release|x64
		{FB5AEFA0-0F76-4E1C-A0A7-946612E3CC65}.Release|x86.ActiveCfg = Release|Win32
		{FB5AEFA0-0F76-4E1C-A0A7-946612E3CC65}.Release|x86.Build.0 = Release|Win32
		{2BD6A69B-1676-4C08-9626-DAD45E4991E1}.Debug|x64.ActiveCfg = Debug|x64
		{2BD6A69B-1676-4C08-9626-DAD45E4991E1}.Debug|x64.Build.0 = Debug|x64
		{2BD6A69B-1676-4C08-9626-DAD45E4991E1}.Debug|x86.ActiveCfg = Debug|Win32
		{2BD6A69B-1676-4C08-9626-DAD45E4991E1}.Debug|x86.Build.0 = Debug|Win32
		{2BD6A69B-1676-4C08-9626-DAD45E4991E1}.Release|x64.ActiveCfg = Release|x64
		{2BD6A69B-1676-4C08-9626-DAD45E4991E1}.Release|x64.Build.0 = Release|x64
		{2BD6A69B-1676-4C08-9626-DAD45E4991E1}.Release|x86.ActiveCfg = Release|Win32
		{2BD6A69B-1676-4C08-9626-DAD45E4991E1}.Release|x86.Build.0 = Release|Win32
		{FCD71A1F-DD66-4AAA-AA3B-CBF6D5034150}.Debug|x64.ActiveCfg = Debug|x64
		{FCD71A1F-DD66-4AAA-AA3B-CBF6D5034150}.Debug|x64.Build.0 = Debug|x64
		{FCD71A1F-DD66-4AAA-AA3B-CBF6D5034150}.Debug|x86.ActiveCfg = Debug|Win32
		{FCD71A1F-DD66-4AAA-AA3B-CBF6D5034150}.Debug|x86.Build.0 = Debug|Win32
		{FCD71A1F-DD66-4AAA-AA3B-CBF6D5034150}.Release|x64.ActiveCfg = Release|x64
		{FCD71A1F-DD66-4AAA-AA3B-CBF6D5034150}.Release|x64.Build.0 = Release|x64
		{FCD71A1F-DD66-4AAA-AA3B-CBF6D5034150}.Release|x86.ActiveCfg = Release|Win32
		{FCD71A1F-DD66-4AAA-AA3B-CBF6D5034150}.Release|x86.Build.0 = Release|Win32
		{5F58C7FE-F2B1-4AB7-9A68-F2A928536F67}.Debug|x64.ActiveCfg = Debug|x64
		{5F58C7FE-F2B1-4AB7-9A68-F2A928536F67}.Debug|x64.Build.0 = Debug|x64
		{5F58C7FE-F2B1-4AB7-9A68-F2A928536F67}.Debug|x86.ActiveCfg = Debug|Win32
		{5F58C7FE-F2B1-4AB7-9A68-F2A928536F67}.Debug|x86.Build.0 = Debug|Win32
		{5F58C7FE-F2B1-4AB7-9A68-F2A928536F67}.Release|x64.ActiveCfg = Release|x64
		{5F58C7FE-F2B1-4AB7-9A68-F2A928536F67}.Release|x64.Build.0 = Release|x64
		{5F58C7FE-F2B1-4AB7-9A68-F2A928536F67}.Release|x86.ActiveCfg = Release|Win32
		{5F58C7FE-F2B1-4AB7-9A68-F2A928536F67}.Release|x86.Build.0 = Release|Win32
		{F60BC18D-F4AD-4F2D-8F29-E82B9D2E4C5D}.Debug|x64.ActiveCfg = Debug|x64
		{F60BC18D-F4AD-4F2D-8F29-E82B9D2E4C5D}.Debug|x64.Build.0 = Debug|x64
		{F60BC18D-F4AD-4F2D-8F29-E82B9D2E4C5D}.Debug|x86.ActiveCfg = Debug|Win32
		{F60BC18D-F4AD-4F2D-8F29-E82B9D2E4C5D}.Debug|x86.Build.0 = Debug|Win32
		{F60BC18D-F4AD-4F2D-8F29-E82B9D2E4C5D}.Release|x64.ActiveCfg = Release|x64
		{F60BC18D-F4AD-4F2D-8F29-E82B9D2E4C5D}.Release|x64.Build.0 = Release|x64
		{F60BC18D-F4AD-4F2D-8F29-E82B9D2E4C5D}.Release|x86.ActiveCfg = Release|Win32
		{F60BC18D-F4AD-4F2D-8F29-E82B9D2E4C5D}.Release|x86.Build.0 = Release|Win32
		{112B73C7-1216-422F-B996-0FFD2926267C}.Debug|x64.ActiveCfg = Debug|x64
		{112B73C7-1216-422F-B996-0FFD2926267C}.Debug|x64.Build.0 = Debug|x64
		{112B73C7-1216-422F-B996-0FFD2926267C}.Debug|x86.ActiveCfg = Debug|Win32
		{112B73C7-1216-422F-B996-0FFD2926267C}.Debug|x86.Build.0 = Debug|Win32
		{112B73C7-1216-422F-B996-0FFD2926267C}.Release|x64.ActiveCfg = Release|x64
		{112B73C7-1216-422F-B996-0FFD2926267C}.Release|x64.Build.0 = Release|x64
		{112B73C7-1216-422F-B996-0FFD2926267C}.Release|x86.ActiveCfg = Release|Win32
		{112B73C7-1216-422F-B996-0FFD2926267C}.Release|x86.Build.0 = Release|Win32
		{55AFC9B1-F50A-4CF2-9FAF-11CCD5CB21F0}.Debug|x64.ActiveCfg = Debug|x64
		{55AFC9B1-F50A-4CF2-9FAF-11CCD5CB21F0}.Debug|x64.Build.0 = Debug|x64
		{55AFC9B1-F50A-4CF2-9FAF-11CCD5CB21F0}.Debug|x86.ActiveCfg = Debug|Win32
		{55AFC9B1-F50A-4CF2-9FAF-11CCD5CB21F0}.Debug|x86.Build.0 = Debug|Win32
		{55AFC9B1-F50A-4CF2-9FAF-11CCD5CB21F0}.Release|x64.ActiveCfg = Release|x64
		{55AFC9B1-F50A-4CF2-9FAF-11CCD5CB21F0}.Release|x64.Build.0 = Release|x64
		{55AFC9B1-F50A-4CF2-9FAF-11CCD5CB21F0}.Release|x86.ActiveCfg = Release|Win32
		{55AFC9B1-F50A-4CF2-9FAF-11CCD5CB21F0}.Release|x86.Build.0 = Release|Win32
		{6F2A3814-DDA8-4187-8620-93A0DF651937}.Debug|x64.ActiveCfg = Debug|x64
		{6F2A3814-DDA8-4187-8620-93A0DF651937}.Debug|x64.Build.0 = Debug|x64
		{6F2A3814-DDA8-4187-8620-93A0DF651937}.Debug|x86.ActiveCfg = Debug|Win32
		{6F2A3814-DDA8-4187-8620-93A0DF651937}.Debug|x86.Build.0 = Debug|Win32
		{6F2A3814-DDA8-4187-8620-93A0DF651937}.Release|x64.ActiveCfg = Release|x64
		{6F2A3814-DDA8-4187-8620-93A0DF651937}.Release|x64.Build.0 = Release|x64
		{6F2A3814-DDA8-4187-8620-93A0DF651937}.Release|x86.ActiveCfg = Release|Win32
		{6F2A3814-DDA8-4187-8620-93A0DF651937}.Release|x86.Build.0 = Release|Win32
		{6695DA8B-75CF-41FB-A6FC-D8B3FC45E8D2}.Debug|x64.ActiveCfg = Debug|x64
		{6695DA8B-75CF-41FB-A6FC-D8B3FC45E8D2}.Debug|x64.Build.0 = Debug|x64
		{6695DA8B-75CF-41FB-A6FC-D8B3FC45E8D2}.Debug|x86.ActiveCfg = Debug|Win32
		{6695DA8B-75CF-41FB-A6FC-D8B3FC45E8D2}.Debug|x86.Build.0 = Debug|Win32
		{6695DA8B-75CF-41FB-A6FC-D8B3FC45E8D2}.Release|x64.ActiveCfg = Release|x64
		{6695DA8B-75CF-41FB-A6FC-D8B3FC45E8D2}.Release|x64.Build.0 = Release|x64
		{6695DA8B-75CF-41FB-A6FC-D8B3FC45E8D2}.Release|x86.ActiveCfg = Release|Win32
		{6695DA8B-75CF-41FB-A6FC-D8B3FC45E8D2}.Release|x86.Build.0 = Release|Win32
		{5AFE9916-86CD-4BAF-B92D-E451BF62CEC3}.Debug|x64.ActiveCfg = Debug|x64
		{5AFE9916-86CD-4BAF-B92D-E451BF62CEC3}.Debug|x64.Build.0 = Debug|x64
		{5AFE9916-86CD-4BAF-B92D-E451BF62CEC3}.Debug|x86.ActiveCfg = Debug|Win32
		{5AFE9916-86CD-4BAF-B92D-E451BF62CEC3}.Debug|x86.Build.0 = Debug|Win32
		{5AFE9916-86CD-4BAF-B92D-E451BF62CEC3}.Release|x64.ActiveCfg = Release|x64
		{5AFE9916-86CD-4BAF-B92D-E451BF62CEC3}.Release|x64.Build.0 = Release|x64
		{5AFE9916-86CD-4BAF-B92D-E451BF62CEC3}.Release|x86.ActiveCfg = Release|Win32
		{5AFE9916-86CD-4BAF-B92D-E451BF62CEC3}.Release|x86.Build.0 = Release|Win32
		{E106CC2E-C588-46C1-8C98-0E021DF4BD12}.Debug|x64.ActiveCfg = Debug|x64
		{E106CC2E-C588-46C1-8C98-0E021DF4BD12}.Debug|x64.Build.0 = Debug|x64
		{E106CC2E-C588-46C1-8C98-0E021DF4BD12}.Debug|x86.ActiveCfg = Debug|Win32
		{E106CC2E-C588-46C1-8C98-0E021DF4BD12}.Debug|x86.Build.0 = Debug|Win32
		{E106CC2E-C588-46C1-8C98-0E021DF4BD12}.Release|x64.ActiveCfg = Release|x64
		{E106CC2E-C588-46C1-8C98-0E021DF4BD12}.Release|x64.Build.0 = Release|x64
		{E106CC2E-C588-46C1-8C98-0E021DF4BD12}.Release|x86.ActiveCfg = Release|Win32
		{E106CC2E-C588-46C1-8C98-0E021DF4BD12}.Release|x86.Build.0 = Release|Win32
		{FFB14550-1A33-4EE5-AF47-AF53BA50A545}.Debug|x64.ActiveCfg = Debug|x64
		{FFB14550-1A33-4EE5-AF47-AF53BA50A545}.Debug|x64.Build.0 = Debug|x64
		{FFB14550-1A33-4EE5-AF47-AF53BA50A545}.Debug|x86.ActiveCfg = Debug|Win32
		{FFB14550-1A33-4EE5-AF47-AF53BA50A545}.Debug|x86.Build.0 = Debug|Win32
		{FFB14550-1A33-4EE5-AF47-AF53BA50A545}.Release|x64.ActiveCfg = Release|x64
		{FFB14550-1A33-4EE5-AF47-AF53BA50A545}.Release|x64.Build.0 = Release|x64
		{FFB14550-1A33-4EE5-AF47-AF53BA50A545}.Release|x86.ActiveCfg = Release|Win32
		{FFB14550-1A33-4EE5-AF47-AF53BA50A545}.Release|x86.Build.0 = Release|Win32
		{E0FAAF75-80DA-43F6-B034-C8F5F3B3EC41}.Debug|x64.ActiveCfg = Debug|x64
		{E0FAAF75-80DA-43F6-B034-C8F5F3B3EC41}.Debug|x64.Build.0 = Debug|x64
		{E0FAAF75-80DA-43F6-B034-C8F5F3B3EC41}.Debug|x86.ActiveCfg = Debug|Win32
		{E0FAAF75-80DA-43F6-B034-C8F5F3B3EC41}.Debug|x86.Build.0 = Debug|Win32
		{E0FAAF75-80DA-43F6-B034-C8F5F3B3EC41}.Release|x64.ActiveCfg = Release|x64
		{E0FAAF75-80DA-43F6-B034-C8F5F3B3EC41}.Release|x64.Build.0 = Release|x64
		{E0FAAF75-80DA-43F6-B034-C8F5F3B3EC41}.Release|x86.ActiveCfg = Release|Win32
		{E0FAAF75-80DA-43F6-B034-C8F5F3B3EC41}.Release|x86.Build.0 = Release|Win32
		{32B9D8D2-ED40-4958-9F0B-042FBBCD5D04}.Debug|x64.ActiveCfg = Debug|x64
		{32B9D8D2-ED40-4958-9F0B-042FBBCD5D04}.Debug|x64.Build.0 = Debug|x64
		{32B9D8D2-ED40-4958-9F0B-042FBBCD5D04}.Debug|x86.ActiveCfg = Debug|Win32
		{32B9D8D2-ED40-4958-9F0B-042FBBCD5D04}.Debug|x86.Build.0 = Debug|Win32
		{32B9D8D2-ED40-4958-9F0B-042FBBCD5D04}.Release|x64.ActiveCfg = Release|x64
		{32B9D8D2-ED40-4958-9F0B-042FBBCD5D04}.Release|x64.Build.0 = Release|x64
		{32B9D8D2-ED40-4958-9F0B-042FBBCD5D04}.Release|x86.ActiveCfg = Release|Win32
		{32B9D8D2-ED40-4958-9F0B-042FBBCD5D04}.Release|x86.Build.0 = Release|Win32
		{6FAF6640-6D3C-4DAD-8874-939FB68AC777}.Debug|x64.ActiveCfg = Debug|x64
		{6FAF6640-6D3C-4DAD-8874-939FB68AC777}.Debug|x64.Build.0 = Debug|x64
		{6FAF6640-6D3C-4DAD-8874-939FB68AC777}.Debug|x86.ActiveCfg = Debug|Win32
		{6FAF6640-6D3C-4DAD-8874-939FB68AC777}.Debug|x86.Build.0 = Debug|Win32
		{6FAF6640-6D3C-4DAD-8874-939FB68AC777}.Release|x64.ActiveCfg = Release|x64
		{6FAF6640-6D3C-4DAD-8874-939FB68AC777}.Release|x64.Build.0 = Release|x64
		{6FAF6640-6D3C-4DAD-8874-939FB68AC777}.Release|x86.ActiveCfg = Release|Win32
		{6FAF6640-6D3C-4DAD-8874-939FB68AC777}.Release|x86.Build.0 = Release|Win32
		{AE090CA8-95C5-4FF5-B412-76456122BE5F}.Debug|x64.ActiveCfg = Debug|x64
		{AE090CA8-95C5-4FF5-B412-76456122BE5F}.Debug|x64.Build.0 = Debug|x64
		{AE090CA8-95C5-4FF5-B412-76456122BE5F}.Debug|x86.ActiveCfg = Debug|Win32
		{AE090CA8-95C5-4FF5-B412-76456122BE5F}.Debug|x86.Build.0 = Debug|Win32
		{AE090CA8-95C5-4FF5-B412-76456122BE5F}.Release|x64.ActiveCfg = Release|x64
		{AE090CA8-95C5-4FF5-B412-76456122BE5F}.Release|x64.Build.0 = Release|x64
		{AE090CA8-95C5-4FF5-B412-76456122BE5F}.Release|x86.ActiveCfg = Release|Win32
		{AE090CA8-95C5-4FF5-B412-76456122BE5F}.Release|x86.Build.0 = Release|Win32
		{39F830B6-B56B-4B45-B59F-9CB1D055420B}.Debug|x64.ActiveCfg = Debug|x64
		{39F830B6-B56B-4B45-B59F-9CB1D055420B}.Debug|x64.Build.0 = Debug|x64
		{39F830B6-B56B-4B45-B59F-9CB1D055420B}.Debug|x86.ActiveCfg = Debug|Win32
		{39F830B6-B56B-4B45-B59F-9CB1D055420B}.Debug|x86.Build.0 = Debug|Win32
		{39F830B6-B56B-4B45-B59F-9CB1D055420B}.Release|x64.ActiveCfg = Release|x64
		{39F830B6-B56B-4B45-B59F-9CB1D055420B}.Release|x64.Build.0 = Release|x64
		{39F830B6-B56B-4B45-B59F-9CB1D055420B}.Release|x86.ActiveCfg = Release|Win32
		{39F830B6-B56B-4B45-B59F-9CB1D055420B}.Release|x86.Build.0 = Release|Win32
		{46339DD3-2097-45C3-B3D3-86F073C2B107}.Debug|x64.ActiveCfg = Debug|x64
		{46339DD3-2097-45C3-B3D3-86F073C2B107}.Debug|x64.Build.0 = Debug|x64
		{46339DD3-2097-45C3-B3D3-86F073C2B107}.Debug|x86.ActiveCfg = Debug|Win32
		{46339DD3-2097-45C3-B3D3-86F073C2B107}.Debug|x86.Build.0 = Debug|Win32
		{46339DD3-2097-45C3-B3D3-86F073C2B107}.Release|x64.ActiveCfg = Release|x64
		{46339DD3-2097-45C3-B3D3-86F073C2B107}.Release|x64.Build.0 = Release|x64
		{46339DD3-2097-45C3-B3D3-86F073C2B107}.Release|x86.ActiveCfg = Release|Win32
		{46339DD3-2097-45C3-B3D3-86F073C2B107}.Release|x86.Build.0 = Release|Win32
		{FF094338-4C0C-4499-BBDB-79B413F9718E}.Debug|x64.ActiveCfg = Debug|x64
		{FF094338-4C0C-4499-BBDB-79B413F9718E}.Debug|x64.Build.0 = Debug|x64
		{FF094338-4C0C-4499-BBDB-79B413F9718E}.Debug|x86.ActiveCfg = Debug|Win32
		{FF094338-4C0C-4499-BBDB-79B413F9718E}.Debug|x86.Build.0 = Debug|Win32
		{FF094338-4C0C-4499-BBDB-79B413F9718E}.Release|x64.ActiveCfg = Release|x64
		{FF094338-4C0C-4499-BBDB-79B413F9718E}.Release|x64.Build.0 = Release|x64
		{FF094338-4C0C-4499-BBDB-79B413F9718E}.Release|x86.ActiveCfg = Release|Win32
		{FF094338-4C0C-4499-BBDB-79B413F9718E}.Release|x86.Build.0 = Release|Win32
		{EA9E6EAA-7EEB-4BC5-A205-0D5A56B15DE0}.Debug|x64.ActiveCfg = Debug|x64
		{EA9E6EAA-7EEB-4BC5-A205-0D5A56B15DE0}.Debug|x64.Build.0 = Debug|x64
		{EA9E6EAA-7EEB-4BC5-A205-0D5A56B15DE0}.Debug|x86.ActiveCfg = Debug|Win32
		{EA9E6EAA-7EEB-4BC5-A205-0D5A56B15DE0}.Debug|x86.Build.0 = Debug|Win32
		{EA9E6EAA-7EEB-4BC5-A205-0D5A56B15DE0}.Release|x64.ActiveCfg = Release|x64
		{EA9E6EAA-7EEB-4BC5-A205-0D5A56B15DE0}.Release|x64.Build.0 = Release|x64
		{EA9E6EAA-7EEB-4BC5-A205-0D5A56B15DE0}.Release|x86.ActiveCfg = Release|Win32
		{EA9E6EAA-7EEB-4BC5-A205-0D5A56B15DE0}.Release|x86.Build.0 = Release|Win32
		{B4D606D3-0752-4EFC-AC5D-0ABCAC9DFAD2}.Debug|x64.ActiveCfg = Debug|x64
		{B4D606D3-0752-4EFC-AC5D-0ABCAC9DFAD2}.Debug|x64.Build.0 = Debug|x64
		{B4D606D3-0752-4EFC-AC5D-0ABCAC9DFAD2}.Debug|x86.ActiveCfg = Debug|Win32
		{B4D606D3-0752-4EFC-AC5D-0ABCAC9DFAD2}.Debug|x86.Build.0 = Debug|Win32
		{B4D606D3-0752-4EFC-AC5D-0ABCAC9DFAD2}.Release|x64.ActiveCfg = Release|x64
		{B4D606D3-0752-4EFC-AC5D-0ABCAC9DFAD2}.Release|x64.Build.0 = Release|x64
		{B4D606D3-0752-4EFC-AC5D-0ABCAC9DFAD2}.Release|x86.ActiveCfg = Release|Win32
		{B4D606D3-0752-4EFC-AC5D-0ABCAC9DFAD2}.Release|x86.Build.0 = Release|Win32
		{7FD55BC2-433A-4012-AFE7-65B66756D62E}.Debug|x64.ActiveCfg = Debug|x64
		{7FD55BC2-433A-4012-AFE7-65B66756D62E}.Debug|x64.Build.0 = Debug|x64
		{7FD55BC2-433A-4012-AFE7-65B66756D62E}.Debug|x86.ActiveCfg = Debug|Win32
		{7FD55BC2-433A-4012-AFE7-65B66756D62E}.Debug|x86.Build.0 = Debug|Win32
		{7FD55BC2-433A-4012-AFE7-65B66756D62E}.Release|x64.ActiveCfg = Release|x64
		{7FD55BC2-433A-4012-AFE7-65B66756D62E}.Release|x64.Build.0 = Release|x64
		{7FD55BC2-433A-4012-AFE7-65B66756D62E}.Release|x86.ActiveCfg = Release|Win32
		{7FD55BC2-433A-4012-AFE7-65B66756D62E}.Release|x86.Build.0 = Release|Win32
		{EA3A3ACA-149F-443E-98F9-C751C71621DE}.Debug|x64.ActiveCfg = Debug|x64
		{EA3A3ACA-149F-443E-98F9-C751C71621DE}.Debug|x64.Build.0 = Debug|x64
		{EA3A3ACA-149F-443E-98F9-C751C71621DE}.Debug|x86.ActiveCfg = Debug|Win32
		{EA3A3ACA-149F-443E-98F9-C751C71621DE}.Debug|x86.Build.0 = Debug|Win32
		{EA3A3ACA-149F-443E-98F9-C751C71621DE}.Release|x64.ActiveCfg = Release|x64
		{EA3A3ACA-149F-443E-98F9-C751C71621DE}.Release|x64.Build.0 = Release|x64
		{EA3A3ACA-149F-443E-98F9-C751C71621DE}.Release|x86.ActiveCfg = Release|Win32
		{EA3A3ACA-149F-443E-98F9-C751C71621DE}.Release|x86.Build.0 = Release|Win32
		{DCADFBA0-CD70-4C19-916B-105666D34F08}.Debug|x64.ActiveCfg = Debug|x64
		{DCADFBA0-CD70-4C19-916B-105666D34F08}.Debug|x64.Build.0 = Debug|x64
		{DCADFBA0-CD70-4C19-916B-105666D34F08}.Debug|x86.ActiveCfg = Debug|Win32
		{DCADFBA0-CD70-4C19-916B-105666D34F08}.Debug|x86.Build.0 = Debug|Win32
		{DCADFBA0-CD70-4C19-916B-105666D34F08}.Release|x64.ActiveCfg = Release|x64
		{DCADFBA0-CD70-4C19-916B-105666D34F08}.Release|x64.Build.0 = Release|x64
		{DCADFBA0-CD70-4C19-916B-105666D34F08}.Release|x86.ActiveCfg = Release|Win32
		{DCADFBA0-CD70-4C19-916B-105666D34F08}.Release|x86.Build.0 = Release|Win32
		{5F910AB7-25E7-40F2-A812-DF4B96A38EF9}.Debug|x64.ActiveCfg = Debug|x64
		{5F910AB7-25E7-40F2-A812-DF4B96A38EF9}.Debug|x64.Build.0 = Debug|x64
		{5F910AB7-25E7-40F2-A812-DF4B96A38EF9}.Debug|x86.ActiveCfg = Debug|Win32
		{5F910AB7-25E7-40F2-A812-DF4B96A38EF9}.Debug|x86.Build.0 = Debug|Win32
		{5F910AB7-25E7-40F2-A812-DF4B96A38EF9}.Release|x64.ActiveCfg = Release|x64
		{5F910AB7-25E7-40F2-A812-DF4B96A38EF9}.Release|x64.Build.0 = Release|x64
		{5F910AB7-25E7-40F2-A812-DF4B96A38EF9}.Release|x86.ActiveCfg = Release|Win32
		{5F910AB7-25E7-40F2-A812-DF4B96A38EF9}.Release|x86.Build.0 = Release|Win32
		{E550D385-F75B-444D-842F-4EC2E6607B3C}.Debug|x64.ActiveCfg = Debug|x64
		{E550D385-F75B-444D-842F-4EC2E6607B3C}.Debug|x64.Build.0 = Debug|x64
		{E550D385-F75B-444D-842F-4EC2E6607B3C}.Debug|x86.ActiveCfg = Debug|Win32
		{E550D385-F75B-444D-842F-4EC2E6607B3C}.Debug|x86.Build.0 = Debug|Win32
		{E550D385-F75B-444D-842F-4EC2E6607B3C}.Release|x64.ActiveCfg = Release|x64
		{E550D385-F75B-444D-842F-4EC2E6607B3C}.Release|x64.Build.0 = Release|x64
		{E550D385-F75B-444D-842F-4EC2E6607B3C}.Release|x86.ActiveCfg = Release|Win32
		{E550D385-F75B-444D-842F-4EC2E6607B3C}.Release|x86.Build.0 = Release|Win32
		{8462F7F6-43B2-4E5B-8D49-2F5F796E2971}.Debug|x64.ActiveCfg = Debug|x64
		{8462F7F6-43B2-4E5B-8D49-2F5F796E2971}.Debug|x64.Build.0 = Debug|x64
		{8462F7F6-43B2-4E5B-8D49-2F5F796E2971}.Debug|x86.ActiveCfg = Debug|Win32
		{8462F7F6-43B2-4E5B-8D49-2F5F796E2971}.Debug|x86.Build.0 = Debug|Win32
		{8462F7F6-43B2-4E5B-8D49-2F5F796E2971}.Release|x64.ActiveCfg = Release|x64
		{8462F7F6-43B2-4E5B-8D49-2F5F796E2971}.Release|x64.Build.0 = Release|x64
		{8462F7F6-43B2-4E5B-8D49-2F5F796E2971}.Release|x86.ActiveCfg = Release|Win32
		{8462F7F6-43B2-4E5B-8D49-2F5F796E2971}.Release|x86.Build.0 = Release|Win32
		{F65AACF3-77B2-4D96-8089-0D2B14676997}.Debug|x64.ActiveCfg = Debug|x64
		{F65AACF3-77B2-4D96-8089-0D2B14676997}.Debug|x64.Build.0 = Debug|x64
		{F65AACF3-77B2-4D96-8089-0D2B14676997}.Debug|x86.ActiveCfg = Debug|Win32
		{F65AACF3-77B2-4D96-8089-0D2B14676997}.Debug|x86.Build.0 = Debug|Win32
		{F65AACF3-77B2-4D96-8089-0D2B14676997}.Release|x64.ActiveCfg = Release|x64
		{F65AACF3-77B2-4D96-8089-0D2B14676997}.Release|x64.Build.0 = Release|x64
		{F65AACF3-77B2-4D96-8089-0D2B14676997}.Release|x86.ActiveCfg = Release|Win32
		{F65AACF3-77B2-4D96-8089-0D2B14676997}.Release|x86.Build.0 = Release|Win32
		{70645F05-ABBD-448C-9DC4-04007065789D}.Debug|x64.ActiveCfg = Debug|x64
		{70645F05-ABBD-448C-9DC4-04007065789D}.Debug|x64.Build.0 = Debug|x64
		{70645F05-ABBD-448C-9DC4-04007065789D}.Debug|x86.ActiveCfg = Debug|Win32
		{70645F05-ABBD-448C-9DC4-04007065789D}.Debug|x86.Build.0 = Debug|Win32
		{70645F05-ABBD-448C-9DC4-04007065789D}.Release|x64.ActiveCfg = Release|x64
		{70645F05-ABBD-448C-9DC4-04007065789D}.Release|x64.Build.0 = Release|x64
		{70645F05-ABBD-448C-9DC4-04007065789D}.Release|x86.ActiveCfg = Release|Win32
		{70645F05-ABBD-448C-9DC4-04007065789D}.Release|x86.Build.0 = Release|Win32
		{502941ED-4F73-4F8B-8C90-85B1AD2AD2E6}.Debug|x64.ActiveCfg = Debug|x64
		{502941ED-4F73-4F8B-8C90-85B1AD2AD2E6}.Debug|x64.Build.0 = Debug|x64
		{502941ED-4F73-4F8B-8C90-85B1AD2AD2E6}.Debug|x86.ActiveCfg = Debug|Win32
		{502941ED-4F73-4F8B-8C90-85B1AD2AD2E6}.Debug|x86.Build.0 = Debug|Win32
		{502941ED-4F73-4F8B-8C90-85B1AD2AD2E6}.Release|x64.ActiveCfg = Release|x64
		{502941ED-4F73-4F8B-8C90-85B1AD2AD2E6}.Release|x64.Build.0 = Release|x64
		{502941ED-4F73-4F8B-8C90-85B1AD2AD2E6}.Release|x86.ActiveCfg = Release|Win32
		{502941ED-4F73-4F8B-8C90-85B1AD2AD2E6}.Release|x86.Build.0 = Release|Win32
		{D5B6B4E0-B6A4-48C3-B484-C56D2D9B40A3}.Debug|x64.ActiveCfg = Debug|x64
		{D5B6B4E0-B6A4-48C3-B484-C56D2D9B40A3}.Debug|x64.Build.0 = Debug|x64
		{D5B6B4E0-B6A4-48C3-B484-C56D2D9B40A3}.Debug|x86.ActiveCfg = Debug|Win32
		{D5B6B4E0-B6A4-48C3-B484-C56D2D9B40A3}.Debug|x86.Build.0 = Debug|Win32
		{D5B6B4E0-B6A4-48C3-B484-C56D2D9B40A3}.Release|x64.ActiveCfg = Release|x64
		{D5B6B4E0-B6A4-48C3-B484-C56D2D9B40A3}.Release|x64.Build.0 = Release|x64
		{D5B6B4E0-B6A4-48C3-B484-C56D2D9B40A3}.Release|x86.ActiveCfg = Release|Win32
		{D5B6B4E0-B6A4-48C3-B484-C56D2D9B40A3}.Release|x86.Build.0 = Release|Win32
		{13867EFE-B166-44DA-9941-AFD8806DF8AF}.Debug|x64.ActiveCfg = Debug|x64
		{13867EFE-B166-44DA-9941-AFD8806DF8AF}.Debug|x64.Build.0 = Debug|x64
		{13867EFE-B166-44DA-9941-AFD8806DF8AF}.Debug|x86.ActiveCfg = Debug|Win32
		{13867EFE-B166-44DA-9941-AFD8806DF8AF}.Debug|x86.Build.0 = Debug|Win32
		{13867EFE-B166-44DA-9941-AFD8806DF8AF}.Release|x64.ActiveCfg = Release|x64
		{13867EFE-B166-44DA-9941-AFD8806DF8AF}.Release|x64.Build.0 = Release|x64
		{13867EFE-B166-44DA-9941-AFD8806DF8AF}.Release|x86.ActiveCfg = Release|Win32
		{13867EFE-B166-44DA-9941-AFD8806DF8AF}.Release|x86.Build.0 = Release|Win32
		{866101C3-7ADA-48F0-931D-08B5114C23F7}.Debug|x64.ActiveCfg = Debug|x64
		{866101C3-7ADA-48F0-931D-08B5114C23F7}.Debug|x64.Build.0 = Debug|x64
		{866101C3-7ADA-48F0-931D-08B5114C23F7}.Debug|x86.ActiveCfg = Debug|Win32
		{866101C3-7ADA-48F0-931D-08B5114C23F7}.Debug|x86.Build.0 = Debug|Win32
		{866101C3-7ADA-48F0-931D-08B5114C23F7}.Release|x64.ActiveCfg = Release|x64
		{866101C3-7ADA-48F0-931D-08B5114C23F7}.Release|x64.Build.0 = Release|x64
		{866101C3-7ADA-48F0-931D-08B5114C23F7}.Release|x86.ActiveCfg = Release|Win32
		{866101C3-7ADA-48F0-931D-08B5114C23F7}.Release|x86.Build.0 = Release|Win32
		{0F112A2B-BD56-4F22-8C92-CE0E8DB57099}.Debug|x64.ActiveCfg = Debug|x64
		{0F112A2B-BD56-4F22-8C92-CE0E8DB57099}.Debug|x64.Build.0 = Debug|x64
		{0F112A2B-BD56-4F22-8C92-CE0E8DB57099}.Debug|x86.ActiveCfg = Debug|Win32
		{0F112A2B-BD56-4F22-8C92-CE0E8DB57099}.Debug|x86.Build.0 = Debug|Win32
		{0F112A2B-BD56-4F22-8C92-CE0E8DB57099}.Release|x64.ActiveCfg = Release|x64
		{0F112A2B-BD56-4F22-8C92-CE0E8DB57099}.Release|x64.Build.0 = Release|x64
		{0F112A2B-BD56-4F22-8C92-CE0E8DB57099}.Release|x86.ActiveCfg = Release|Win32
		{0F112A2B-BD56-4F22-8C92-CE0E8DB57099}.Release|x86.Build.0 = Release|Win32
		{07D46BEB-6F33-4111-9E85-52FC1AAC57A0}.Debug|x64.ActiveCfg = Debug|x64
		{07D46BEB-6F33-4111-9E85-52FC1AAC57A0}.Debug|x64.Build.0 = Debug|x64
		{07D46BEB-6F33-4111-9E85-52FC1AAC57A0}.Debug|x86.ActiveCfg = Debug|Win32
		{07D46BEB-6F33-4111-9E85-52FC1AAC57A0}.Debug|x86.Build.0 = Debug|Win32
		{07D46BEB-6F33-4111-9E85-52FC1AAC57A0}.Release|x64.ActiveCfg = Release|x64
		{07D46BEB-6F33-4111-9E85-52FC1AAC57A0}.Release|x64.Build.0 = Release|x64
		{07D46BEB-6F33-4111-9E85-52FC1AAC57A0}.Release|x86.ActiveCfg = Release|Win32
		{07D46BEB-6F33-4111-9E85-52FC1AAC57A0}.Release|x86.Build.0 = Release|Win32
		{8892049C-35F5-4274-8B61-6471243CF811}.Debug|x64.ActiveCfg = Debug|x64
		{8892049C-35F5-4274-8B61-6471243CF811}.Debug|x64.Build.0 = Debug|x64
		{8892049C-35F5-4274-8B61-6471243CF811}.Debug|x86.ActiveCfg = Debug|Win32
		{8892049C-35F5-4274-8B61-6471243CF811}.Debug|x86.Build.0 = Debug|Win32
		{8892049C-35F5-4274-8B61-6471243CF811}.Release|x64.ActiveCfg = Release|x64
		{8892049C-35F5-4274-8B61-6471243CF811}.Release|x64.Build.0 = Release|x64
		{8892049C-35F5-4274-8B61-6471243CF811}.Release|x86.ActiveCfg = Release|Win32
		{8892049C-35F5-4274-8B61-6471243CF811}.Release|x86.Build.0 = Release|Win32
		{B42F2DFC-AEB5-4B8B-9C1B-A3BF64581622}.Debug|x64.ActiveCfg = Debug|x64
		{B42F2DFC-AEB5-4B8B-9C1B-A3BF64581622}.Debug|x64.Build.0 = Debug|x64
		{B42F2DFC-AEB5-4B8B-9C1B-A3BF64581622}.Debug|x86.ActiveCfg = Debug|Win32
		{B42F2DFC-AEB5-4B8B-9C1B-A3BF64581622}.Debug|x86.Build.0 = Debug|Win32
		{B42F2DFC-AEB5-4B8B-9C1B-A3BF64581622}.Release|x64.ActiveCfg = Release|x64
		{B42F2DFC-AEB5-4B8B-9C1B-A3BF64581622}.Release|x64.Build.0 = Release|x64
		{B42F2DFC-AEB5-4B8B-9C1B-A3BF64581622}.Release|x86.ActiveCfg = Release|Win32
		{B42F2DFC-AEB5-4B8B-9C1B-A3BF64581622}.Release|x86.Build.0 = Release|Win32
		{753753E8-A11A-4F15-83EA-D4019257FD66}.Debug|x64.ActiveCfg = Debug|x64
		{753753E8-A11A-4F15-83EA-D4019257FD66}.Debug|x64.Build.0 = Debug|x64
		{753753E8-A11A-4F15-83EA-D4019257FD66}.Debug|x86.ActiveCfg = Debug|Win32
		{753753E8-A11A-4F15-83EA-D4019257FD66}.Debug|x86.Build.0 = Debug|Win32
		{753753E8-A11A-4F15-83EA-D4019257FD66}.Release|x64.ActiveCfg = Release|x64
		{753753E8-A11A-4F15-83EA-D4019257FD66}.Release|x64.Build.0 = Release|x64
		{753753E8-A11A-4F15-83EA-D4019257FD66}.Release|x86.ActiveCfg = Release|Win32
		{753753E8-A11A-4F15-83EA-D4019257FD66}.Release|x86.Build.0 = Release|Win32
		{CD3C79B4-3156-4AE4-BDC6-F2AB8C2CA58E}.Debug|x64.ActiveCfg = Debug|x64
		{CD3C79B4-3156-4AE4-BDC6-F2AB8C2CA58E}.Debug|x64.Build.0 = Debug|x64
		{CD3C79B4-3156-4AE4-BDC6-F2AB8C2CA58E}.Debug|x86.ActiveCfg = Debug|Win32
		{CD3C79B4-3156-4AE4-BDC6-F2AB8C2CA58E}.Debug|x86.Build.0 = Debug|Win32
		{CD3C79B4-3156-4AE4-BDC6-F2AB8C2CA58E}.Release|x64.ActiveCfg = Release|x64
		{CD3C79B4-3156-4AE4-BDC6-F2AB8C2CA58E}.Release|x64.Build.0 = Release|x64
		{CD3C79B4-3156-4AE4-BDC6-F2AB8C2CA58E}.Release|x86.ActiveCfg = Release|Win32
		{CD3C79B4-3156-4AE4-BDC6-F2AB8C2CA58E}.Release|x86.Build.0 = Release|Win32
		{DB1D2BBA-C8D8-40B0-90D2-63964D7F5802}.Debug|x64.ActiveCfg = Debug|x64
		{DB1D2BBA-C8D8-40B0-90D2-63964D7F5802}.Debug|x64.Build.0 = Debug|x64
		{DB1D2BBA-C8D8-40B0-90D2-63964D7F5802}.Debug|x86.ActiveCfg = Debug|Win32
		{DB1D2BBA-C8D8-40B0-90D2-63964D7F5802}.Debug|x86.Build.0 = Debug|Win32
		{DB1D2BBA-C8D8-40B0-90D2-63964D7F5802}.Release|x64.ActiveCfg = Release|x64
		{DB1D2BBA-C8D8-40B0-90D2-63964D7F5802}.Release|x64.Build.0 = Release|x64
		{DB1D2BBA-C8D8-40B0-90D2-63964D7F5802}.Release|x86.ActiveCfg = Release|Win32
		{DB1D2BBA-C8D8-40B0-90D2-63964D7F5802}.Release|x86.Build.0 = Release|Win32
		{F98D629D-01F3-496F-932D-685CB640A86B}.Debug|x64.ActiveCfg = Debug|x64
		{F98D629D-01F3-496F-932D-685CB640A86B}.Debug|x64.Build.0 = Debug|x64
		{F98D629D-01F3-496F-932D-685CB640A86B}.Debug|x86.ActiveCfg = Debug|Win32
		{F98D629D-01F3-496F-932D-685CB640A86B}.Debug|x86.Build.0 = Debug|Win32
		{F98D629D-01F3-496F-932D-685CB640A86B}.Release|x64.ActiveCfg = Release|x64
		{F98D629D-01F3-496F-932D-685CB640A86B}.Release|x64.Build.0 = Release|x64
		{F98D629D-01F3-496F-932D-685CB640A86B}.Release|x86.ActiveCfg = Release|Win32
		{F98D629D-01F3-496F-932D-685CB640A86B}.Release|x86.Build.0 = Release|Win32
		{E656ED53-AA88-4824-B429-86AC1EAA02BA}.Debug|x64.ActiveCfg = Debug|x64
		{E656ED53-AA88-4824-B429-86AC1EAA02BA}.Debug|x64.Build.0 = Debug|x64
		{E656ED53-AA88-4824-B429-86AC1EAA02BA}.Debug|x86.ActiveCfg = Debug|Win32
		{E656ED53-AA88-4824-B429-86AC1EAA02BA}.Debug|x86.Build.0 = Debug|Win32
		{E656ED53-AA88-4824-B429-86AC1EAA02BA}.Release|x64.ActiveCfg = Release|x64
		{E656ED53-AA88-4824-B429-86AC1EAA02BA}.Release|x64.Build.0 = Release|x64
		{E656ED53-AA88-4824-B429-86AC1EAA02BA}.Release|x86.ActiveCfg = Release|Win32
		{E656ED53-AA88-4824-B429-86AC1EAA02BA}.Release|x86.Build.0 = Release|Win32
		{9F74989A-3B8C-475F-815A-65E7B607F568}.Debug|x64.ActiveCfg = Debug|x64
		{9F74989A-3B8C-475F-815A-65E7B607F568}.Debug|x64.Build.0 = Debug|x64
		{9F74989A-3B8C-475F-815A-65E7B607F568}.Debug|x86.ActiveCfg = Debug|Win32
		{9F74989A-3B8C-475F-815A-65E7B607F568}.Debug|x86.Build.0 = Debug|Win32
		{9F74989A-3B8C-475F-815A-65E7B607F568}.Release|x64.ActiveCfg = Release|x64
		{9F74989A-3B8C-475F-815A-65E7B607F568}.Release|x64.Build.0 = Release|x64
		{9F74989A-3B8C-475F-815A-65E7B607F568}.Release|x86.ActiveCfg = Release|Win32
		{9F74989A-3B8C-475F-815A-65E7B607F568}.Release|x86.Build.0 = Release|Win32
		{6CF50B5D-03A7-4984-888B-EAC8337B152A}.Debug|x64.ActiveCfg = Debug|x64
		{6CF50B5D-03A7-4984-888B-EAC8337B152A}.Debug|x64.Build.0 = Debug|x64
		{6CF50B5D-03A7-4984-888B-EAC8337B152A}.Debug|x86.ActiveCfg = Debug|Win32
		{6CF50B5D-03A7-4984-888B-EAC8337B152A}.Debug|x86.Build.0 = Debug|Win32
		{6CF50B5D-03A7-4984-888B-EAC8337B152A}.Release|x64.ActiveCfg = Release|x64
		{6CF50B5D-03A7-4984-888B-EAC8337B152A}.Release|x64.Build.0 = Release|x64
		{6CF50B5D-03A7-4984-888B-EAC8337B152A}.Release|x86.ActiveCfg = Release|Win32
		{6CF50B5D-03A7-4984-888B-EAC8337B152A}.Release|x86.Build.0 = Release|Win32
		{193275F1-9FE4-4E7E-865F-62E9957FF4EF}.Debug|x64.ActiveCfg = Debug|x64
		{193275F1-9FE4-4E7E-865F-62E9957FF4EF}.Debug|x64.Build.0 = Debug|x64
		{193275F1-9FE4-4E7E-865F-62E9957FF4EF}.Debug|x86.ActiveCfg = Debug|Win32
		{193275F1-9FE4-4E7E-865F-62E9957FF4EF}.Debug|x86.Build.0 = Debug|Win32
		{193275F1-9FE4-4E7E-865F-62E9957FF4EF}.Release|x64.ActiveCfg = Release|x64
		{193275F1-9FE4-4E7E-865F-62E9957FF4EF}.Release|x64.Build.0 = Release|x64
		{193275F1-9FE4-4E7E-865F-62E9957FF4EF}.Release|x86.ActiveCfg = Release|Win32
		{193275F1-9FE4-4E7E-865F-62E9957FF4EF}.Release|x86.Build.0 = Release|Win32
		{B74DEAB8-2DCD-410D-AA3E-172492C75CCB}.Debug|x64.ActiveCfg = Debug|x64
		{B74DEAB8-2DCD-410D-AA3E-172492C75CCB}.Debug|x64.Build.0 = Debug|x64
		{B74DEAB8-2DCD-410D-AA3E-172492C75CCB}.Debug|x86.ActiveCfg = Debug|Win32
		{B74DEAB8-2DCD-410D-AA3E-172492C75CCB}.Debug|x86.Build.0 = Debug|Win32
		{B74DEAB8-2DCD-410D-AA3E-172492C75CCB}.Release|x64.ActiveCfg = Release|x64
		{B74DEAB8-2DCD-410D-AA3E-172492C75CCB}.Release|x64.Build.0 = Release|x64
		{B74DEAB8-2DCD-410D-AA3E-172492C75CCB}.Release|x86.ActiveCfg = Release|Win32
		{B74DEAB8-2DCD-410D-AA3E-172492C75CCB}.Release|x86.Build.0 = Release|Win32
		{C22AB857-FF64-4419-BECF-82F4974A39C1}.Debug|x64.ActiveCfg = Debug|x64
		{C22AB857-FF64-4419-BECF-82F4974A39C1}.Debug|x64.Build.0 = Debug|x64
		{C22AB857-FF64-4419-BECF-82F4974A39C1}.Debug|x86.ActiveCfg = Debug|Win32
		{C22AB857-FF64-4419-BECF-82F4974A39C1}.Debug|x86.Build.0 = Debug|Win32
		{C22AB857-FF64-4419-BECF-82F4974A39C1}.Release|x64.ActiveCfg = Release|x64
		{C22AB857-FF64-4419-BECF-82F4974A39C1}.Release|x64.Build.0 = Release|x64
		{C22AB857-FF64-4419-BECF-82F4974A39C1}.Release|x86.ActiveCfg = Release|Win32
		{C22AB857-FF64-4419-BECF-82F4974A39C1}.Release|x86.Build.0 = Release|Win32
		{CAC964EB-31A1-47D8-B0B1-5EEB3A776DAF}.Debug|x64.ActiveCfg = Debug|x64
		{CAC964EB-31A1-47D8-B0B1-5EEB3A776DAF}.Debug|x64.Build.0 = Debug|x64
		{CAC964EB-31A1-47D8-B0B1-5EEB3A776DAF}.Debug|x86.ActiveCfg = Debug|Win32
		{CAC964EB-31A1-47D8-B0B1-5EEB3A776DAF}.Debug|x86.Build.0 = Debug|Win32
		{CAC964EB-31A1-47D8-B0B1-5EEB3A776DAF}.Release|x64.ActiveCfg = Release|x64
		{CAC964EB-31A1-47D8-B0B1-5EEB3A776DAF}.Release|x64.Build.0 = Release|x64
		{CAC964EB-31A1-47D8-B0B1-5EEB3A776DAF}.Release|x86.ActiveCfg = Release|Win32
		{CAC964EB-31A1-47D8-B0B1-5EEB3A776DAF}.Release|x86.Build.0 = Release|Win32
		{BA3C0283-9CE1-440B-BFF1-4C44B38FE85B}.Debug|x64.ActiveCfg = Debug|x64
		{BA3C0283-9CE1-440B-BFF1-4C44B38FE85B}.Debug|x64.Build.0 = Debug|x64
		{BA3C0283-9CE1-440B-BFF1-4C44B38FE85B}.Debug|x86.ActiveCfg = Debug|Win32
		{BA3C0283-9CE1-440B-BFF1-4C44B38FE85B}.Debug|x86.Build.0 = Debug|Win32
		{BA3C0283-9CE1-440B-BFF1-4C44B38FE85B}.Release|x64.ActiveCfg = Release|x64
		{BA3C0283-9CE1-440B-BFF1-4C44B38FE85B}.Release|x64.Build.0 = Release|x64
		{BA3C0283-9CE1-440B-BFF1-4C44B38FE85B}.Release|x86.ActiveCfg = Release|Win32
		{BA3C0283-9CE1-440B-BFF1-4C44B38FE85B}.Release|x86.Build.0 = Release|Win32
		{D5FADDA6-69F9-48C7-80DC-08935B7489C3}.Debug|x64.ActiveCfg = Debug|x64
		{D5FADDA6-69F9-48C7-80DC-08935B7489C3}.Debug|x64.Build.0 = Debug|x64
		{D5FADDA6-69F9-48C7-80DC-08935B7489C3}.Debug|x86.ActiveCfg = Debug|Win32
		{D5FADDA6-69F9-48C7-80DC-08935B7489C3}.Debug|x86.Build.0 = Debug|Win32
		{D5FADDA6-69F9-48C7-80DC-08935B7489C3}.Release|x64.ActiveCfg = Release|x64
		{D5FADDA6-69F9-48C7-80DC-08935B7489C3}.Release|x64.Build.0 = Release|x64
		{D5FADDA6-69F9-48C7-80DC-08935B7489C3}.Release|x86.ActiveCfg = Release|Win32
		{D5FADDA6-69F9-48C7-80DC-08935B7489C3}.Release|x86.Build.0 = Release|Win32
		{D8B135F8-67EA-4C31-B83C-C0A471258B74}.Debug|x64.ActiveCfg = Debug|x64
		{D8B135F8-67EA-4C31-B83C-C0A471258B74}.Debug|x64.Build.0 = Debug|x64
		{D8B135F8-67EA-4C31-B83C-C0A471258B74}.Debug|x86.ActiveCfg = Debug|Win32
		{D8B135F8-67EA-4C31-B83C-C0A471258B74}.Debug|x86.Build.0 = Debug|Win32
		{D8B135F8-67EA-4C31-B83C-C0A471258B74}.Release|x64.ActiveCfg = Release|x64
		{D8B135F8-67EA-4C31-B83C-C0A471258B74}.Release|x64.Build.0 = Release|x64
		{D8B135F8-67EA-4C31-B83C-C0A471258B74}.Release|x86.ActiveCfg = Release|Win32
		{D8B135F8-67EA-4C31-B83C-C0A471258B74}.Release|x86.Build.0 = Release|Win32
		{2B207835-1C44-4EEE-BF2A-CB17FEF6AD0C}.Debug|x64.ActiveCfg = Debug|x64
		{2B207835-1C44-4EEE-BF2A-CB17FEF6AD0C}.Debug|x64.Build.0 = Debug|x64
		{2B207835-1C44-4EEE-BF2A-CB17FEF6AD0C}.Debug|x86.ActiveCfg = Debug|Win32
		{2B207835-1C44-4EEE-BF2A-CB17FEF6AD0C}.Debug|x86.Build.0 = Debug|Win32
		{2B207835-1C44-4EEE-BF2A-CB17FEF6AD0C}.Release|x64.ActiveCfg = Release|x64
		{2B207835-1C44-4EEE-BF2A-CB17FEF6AD0C}.Release|x64.Build.0 = Release|x64
		{2B207835-1C44-4EEE-BF2A-CB17FEF6AD0C}.Release|x86.ActiveCfg = Release|Win32
		{2B207835-1C44-4EEE-BF2A-CB17FEF6AD0C}.Release|x86.Build.0 = Release|Win32
		{B4E16E2A-22FA-4232-9FAC-72FECEFBF925}.Debug|x64.ActiveCfg = Debug|x64
		{B4E16E2A-22FA-4232-9FAC-72FECEFBF925}.Debug|x64.Build.0 = Debug|x64
		{B4E16E2A-22FA-4232-9FAC-72FECEFBF925}.Debug|x86.ActiveCfg = Debug|Win32
		{B4E16E2A-22FA-4232-9FAC-72FECEFBF925}.Debug|x86.Build.0 = Debug|Win32
		{B4E16E2A-22FA-4232-9FAC-72FECEFBF925}.Release|x64.ActiveCfg = Release|x64
		{B4E16E2A-22FA-4232-9FAC-72FECEFBF925}.Release|x64.Build.0 = Release|x64
		{B4E16E2A-22FA-4232-9FAC-72FECEFBF925}.Release|x86.ActiveCfg = Release|Win32
		{B4E16E2A-22FA-4232-9FAC-72FECEFBF925}.Release|x86.Build.0 = Release|Win32
		{B311ECAC-DD4C-4E28-AD1A-1A2F267C1D55}.Debug|x64.ActiveCfg = Debug|x64
		{B311ECAC-DD4C-4E28-AD1A-1A2F267C1D55}.Debug|x64.Build.0 = Debug|x64
		{B311ECAC-DD4C-4E28-AD1A-1A2F267C1D55}.Debug|x86.ActiveCfg = Debug|Win32
		{B311ECAC-DD4C-4E28-AD1A-1A2F267C1D55}.Debug|x86.Build.0 = Debug|Win32
		{B311ECAC-DD4C-4E28-AD1A-1A2F267C1D55}.Release|x64.ActiveCfg = Release|x64
		{B311ECAC-DD4C-4E28-AD1A-1A2F267C1D55}.Release|x64.Build.0 = Release|x64
		{B311ECAC-DD4C-4E28-AD1A-1A2F267C1D55}.Release|x86.ActiveCfg = Release|Win32
		{B311ECAC-DD4C-4E28-AD1A-1A2F267C1D55}.Release|x86.Build.0 = Release|Win32
		{361EBCE7-8D0D-41D5-836C-0A189D9A2003}.Debug|x64.ActiveCfg = Debug|x64
		{361EBCE7-8D0D-41D5-836C-0A189D9A2003}.Debug|x64.Build.0 = Debug|x64
		{361EBCE7-8D0D-41D5-836C-0A189D9A2003}.Debug|x86.ActiveCfg = Debug|Win32
		{361EBCE7-8D0D-41D5-836C-0A189D9A2003}.Debug|x86.Build.0 = Debug|Win32
		{361EBCE7-8D0D-41D5-836C-0A189D9A2003}.Release|x64.ActiveCfg = Release|x64
		{361EBCE7-8D0D-41D5-836C-0A189D9A2003}.Release|x64.Build.0 = Release|x64
		{361EBCE7-8D0D-41D5-836C-0A189D9A2003}.Release|x86.ActiveCfg = Release|Win32
		{361EBCE7-8D0D-41D5-836C-0A189D9A2003}.Release|x86.Build.0 = Release|Win32
		{4B787AC1-7F27-4FE9-87F9-0C053FE10186}.Debug|x64.ActiveCfg = Debug|x64
		{4B787AC1-7F27-4FE9-87F9-0C053FE10186}.Debug|x64.Build.0 = Debug|x64
		{4B787AC1-7F27-4FE9-87F9-0C053FE10186}.Debug|x86.ActiveCfg = Debug|Win32
		{4B787AC1-7F27-4FE9-87F9-0C053FE10186}.Debug|x86.Build.0 = Debug|Win32
		{4B787AC1-7F27-4FE9-87F9-0C053FE10186}.Release|x64.ActiveCfg = Release|x64
		{4B787AC1-7F27-4FE9-87F9-0C053FE10186}.Release|x64.Build.0 = Release|x64
		{4B787AC1-7F27-4FE9-87F9-0C053FE10186}.Release|x86.ActiveCfg = Release|Win32
		{4B787AC1-7F27-4FE9-87F9-0C053FE10186}.Release|x86.Build.0 = Release|Win32
		{0FDACDFF-3A07-4F47-B00E-3926DFC8C286}.Debug|x64.ActiveCfg = Debug|x64
		{0FDACDFF-3A07-4F47-B00E-3926DFC8C286}.Debug|x64.Build.0 = Debug|x64
		{0FDACDFF-3A07-4F47-B00E-3926DFC8C286}.Debug|x86.ActiveCfg = Debug|Win32
		{0FDACDFF-3A07-4F47-B00E-3926DFC8C286}.Debug|x86.Build.0 = Debug|Win32
		{0FDACDFF-3A07-4F47-B00E-3926DFC8C286}.Release|x64.ActiveCfg = Release|x64
		{0FDACDFF-3A07-4F47-B00E-3926DFC8C286}.Release|x64.Build.0 = Release|x64
		{0FDACDFF-3A07-4F47-B00E-3926DFC8C286}.Release|x86.ActiveCfg = Release|Win32
		{0FDACDFF-3A07-4F47-B00E-3926DFC8C286}.Release|x86.Build.0 = Release|Win32
		{79514D90-B3A8-4DCD-838E-017A5D95D738}.Debug|x64.ActiveCfg = Debug|x64
		{79514D90-B3A8-4DCD-838E-017A5D95D738}.Debug|x64.Build.0 = Debug|x64
		{79514D90-B3A8-4DCD-838E-017A5D95D738}.Debug|x86.ActiveCfg = Debug|Win32
		{79514D90-B3A8-4DCD-838E-017A5D95D738}.Debug|x86.Build.0 = Debug|Win32
		{79514D90-B3A8-4DCD-838E-017A5D95D738}.Release|x64.ActiveCfg = Release|x64
		{79514D90-B3A8-4DCD-838E-017A5D95D738}.Release|x64.Build.0 = Release|x64
		{79514D90-B3A8-4DCD-838E-017A5D95D738}.Release|x86.ActiveCfg = Release|Win32
		{79514D90-B3A8-4DCD-838E-017A5D95D738}.Release|x86.Build.0 = Release|Win32
		{349F46A3-4E42-415B-B4D3-5BCC7B5215F8}.Debug|x64.ActiveCfg = Debug|x64
		{349F46A3-4E42-415B-B4D3-5BCC7B5215F8}.Debug|x64.Build.0 = Debug|x64
		{349F46A3-4E42-415B-B4D3-5BCC7B5215F8}.Debug|x86.ActiveCfg = Debug|Win32
		{349F46A3-4E42-415B-B4D3-5BCC7B5215F8}.Debug|x86.Build.0 = Debug|Win32
		{349F46A3-4E42-415B-B4D3-5BCC7B5215F8}.Release|x64.ActiveCfg = Release|x64
		{349F46A3-4E42-415B-B4D3-5BCC7B5215F8}.Release|x64.Build.0 = Release|x64
		{349F46A3-4E42-415B-B4D3-5BCC7B5215F8}.Release|x86.ActiveCfg = Release|Win32
		{349F46A3-4E42-415B-B4D3-5BCC7B5215F8}.Release|x86.Build.0 = Release|Win32
		{91CC2639-ED62-46BF-B3DE-BDC4856ABFEE}.Debug|x64.ActiveCfg = Debug|x64
		{91CC2639-ED62-46BF-B3DE-BDC4856ABFEE}.Debug|x64.Build.0 = Debug|x64
		{91CC2639-ED62-46BF-B3DE-BDC4856ABFEE}.Debug|x86.ActiveCfg = Debug|Win32
		{91CC2639-ED62-46BF-B3DE-BDC4856ABFEE}.Debug|x86.Build.0 = Debug|Win32
		{91CC2639-ED62-46BF-B3DE-BDC4856ABFEE}.Release|x64.ActiveCfg = Release|x64
		{91CC2639-ED62-46BF-B3DE-BDC4856ABFEE}.Release|x64.Build.0 = Release|x64
		{91CC2639-ED62-46BF-B3DE-BDC4856ABFEE}.Release|x86.ActiveCfg = Release|Win32
		{91CC2639-ED62-46BF-B3DE-BDC4856ABFEE}.Release|x86.Build.0 = Release|Win32
		{680EE5B7-49DD-4828-86B4-DBB2E2F7299E}.Debug|x64.ActiveCfg = Debug|x64
		{680EE5B7-49DD-4828-86B4-DBB2E2F7299E}.Debug|x64.Build.0 = Debug|x64
		{680EE5B7-49DD-4828-86B4-DBB2E2F7299E}.Debug|x86.ActiveCfg = Debug|Win32
		{680EE5B7-49DD-4828-86B4-DBB2E2F7299E}.Debug|x86.Build.0 = Debug|Win32
		{680EE5B7-49DD-4828-86B4-DBB2E2F7299E}.Release|x64.ActiveCfg = Release|x64
		{680EE5B7-49DD-4828-86B4-DBB2E2F7299E}.Release|x64.Build.0 = Release|x64
		{680EE5B7-49DD-4828-86B4-DBB2E2F7299E}.Release|x86.ActiveCfg = Release|Win32
		{680EE5B7-49DD-4828-86B4-DBB2E2F7299E}.Release|x86.Build.0 = Release|Win32
		{96C31511-78AF-4EB1-BA01-7A54BB2D7BB6}.Debug|x64.ActiveCfg = Debug|x64
		{96C31511-78AF-4EB1-BA01-7A54BB2D7BB6}.Debug|x64.Build.0 = Debug|x64
		{96C31511-78AF-4EB1-BA01-7A54BB2D7BB6}.Debug|x86.ActiveCfg = Debug|Win32
		{96C31511-78AF-4EB1-BA01-7A54BB2D7BB6}.Debug|x86.Build.0 = Debug|Win32
		{96C31511-78AF-4EB1-BA01-7A54BB2D7BB6}.Release|x64.ActiveCfg = Release|x64
		{96C31511-78AF-4EB1-BA01-7A54BB2D7BB6}.Release|x64.Build.0 = Release|x64
		{96C31511-78AF-4EB1-BA01-7A54BB2D7BB6}.Release|x86.ActiveCfg = Release|Win32
		{96C31511-78AF-4EB1-BA01-7A54BB2D7BB6}.Release|x86.Build.0 = Release|Win32
		{AEBAB774-E317-4DF2-9A50-232B81E4C259}.Debug|x64.ActiveCfg = Debug|x64
		{AEBAB774-E317-4DF2-9A50-232B81E4C259}.Debug|x64.Build.0 = Debug|x64
		{AEBAB774-E317-4DF2-9A50-232B81E4C259}.Debug|x86.ActiveCfg = Debug|Win32
		{AEBAB774-E317-4DF2-9A50-232B81E4C259}.Debug|x86.Build.0 = Debug|Win32
		{AEBAB774-E317-4DF2-9A50-232B81E4C259}.Release|x64.ActiveCfg = Release|x64
		{AEBAB774-E317-4DF2-9A50-232B81E4C259}.Release|x64.Build.0 = Release|x64
		{AEBAB774-E317-4DF2-9A50-232B81E4C259}.Release|x86.ActiveCfg = Release|Win32
		{AEBAB774-E317-4DF2-9A50-232B81E4C259}.Release|x86.Build.0 = Release|Win32
		{8E44E9ED-4036-4961-9466-F5A900EA2CD0}.Debug|x64.ActiveCfg = Debug|x64
		{8E44E9ED-4036-4961-9466-F5A900EA2CD0}.Debug|x64.Build.0 = Debug|x64
		{8E44E9ED-4036-4961-9466-F5A900EA2CD0}.Debug|x86.ActiveCfg = Debug|Win32
		{8E44E9ED-4036-4961-9466-F5A900EA2CD0}.Debug|x86.Build.0 = Debug|Win32
		{8E44E9ED-4036-4961-9466-F5A900EA2CD0}.Release|x64.ActiveCfg = Release|x64
		{8E44E9ED-4036-4961-9466-F5A900EA2CD0}.Release|x64.Build.0 = Release|x64
		{8E44E9ED-4036-4961-9466-F5A900EA2CD0}.Release|x86.ActiveCfg = Release|Win32
		{8E44E9ED-4036-4961-9466-F5A900EA2CD0}.Release|x86.Build.0 = Release|Win32
		{8487CF6B-95F0-47B3-9965-ABE8643CE20A}.Debug|x64.ActiveCfg = Debug|x64
		{8487CF6B-95F0-47B3-9965-ABE8643CE20A}.Debug|x64.Build.0 = Debug|x64
		{8487CF6B-95F0-47B3-9965-ABE8643CE20A}.Debug|x86.ActiveCfg = Debug|Win32
		{8487CF6B-95F0-47B3-9965-ABE8643CE20A}.Debug|x86.Build.0 = Debug|Win32
		{8487CF6B-95F0-47B3-9965-ABE8643CE20A}.Release|x64.ActiveCfg = Release|x64
		{8487CF6B-95F0-47B3-9965-ABE8643CE20A}.Release|x64.Build.0 = Release|x64
		{8487CF6B-95F0-47B3-9965-ABE8643CE20A}.Release|x86.ActiveCfg = Release|Win32
		{8487CF6B-95F0-47B3-9965-ABE8643CE20A}.Release|x86.Build.0 = Release|Win32
		{C14692DC-51E9-4FEB-ABCC-2EA3CA88BCAD}.Debug|x64.ActiveCfg = Debug|x64
		{C14692DC-51E9-4FEB-ABCC-2EA3CA88BCAD}.Debug|x64.Build.0 = Debug|x64
		{C14692DC-51E9-4FEB-ABCC-2EA3CA88BCAD}.Debug|x86.ActiveCfg = Debug|Win32
		{C14692DC-51E9-4FEB-ABCC-2EA3CA88BCAD}.Debug|x86.Build.0 = Debug|Win32
		{C14692DC-51E9-4FEB-ABCC-2EA3CA88BCAD}.Release|x64.ActiveCfg = Release|x64
		{C14692DC-51E9-4FEB-ABCC-2EA3CA88BCAD}.Release|x64.Build.0 = Release|x64
		{C14692DC-51E9-4FEB-ABCC-2EA3CA88BCAD}.Release|x86.ActiveCfg = Release|Win32
		{C14692DC-51E9-4FEB-ABCC-2EA3CA88BCAD}.Release|x86.Build.0 = Release|Win32
		{64770C3E-20A6-4B7B-AFFE-C92827EB5A91}.Debug|x64.ActiveCfg = Debug|x64
		{64770C3E-20A6-4B7B-AFFE-C92827EB5A91}.Debug|x64.Build.0 = Debug|x64
		{64770C3E-20A6-4B7B-AFFE-C92827EB5A91}.Debug|x86.ActiveCfg = Debug|Win32
		{64770C3E-20A6-4B7B-AFFE-C92827EB5A91}.Debug|x86.Build.0 = Debug|Win32
		{64770C3E-20A6-4B7B-AFFE-C92827EB5A91}.Release|x64.ActiveCfg = Release|x64
		{64770C3E-20A6-4B7B-AFFE-C92827EB5A91}.Release|x64.Build.0 = Release|x64
		{64770C3E-20A6-4B7B-AFFE-C92827EB5A91}.Release|x86.ActiveCfg = Release|Win32
		{64770C3E-20A6-4B7B-AFFE-C92827EB5A91}.Release|x86.Build.0 = Release|Win32
		{2977FC95-4F54-4059-B79D-845E57429BEC}.Debug|x64.ActiveCfg = Debug|x64
		{2977FC95-4F54-4059-B79D-845E57429BEC}.Debug|x64.Build.0 = Debug|x64
		{2977FC95-4F54-4059-B79D-845E57429BEC}.Debug|x86.ActiveCfg = Debug|Win32
		{2977FC95-4F54-4059-B79D-845E57429BEC}.Debug|x86.Build.0 = Debug|Win32
		{2977FC95-4F54-4059-B79D-845E57429BEC}.Release|x64.ActiveCfg = Release|x64
		{2977FC95-4F54-4059-B79D-845E57429BEC}.Release|x64.Build.0 = Release|x64
		{2977FC95-4F54-4059-B79D-845E57429BEC}.Release|x86.ActiveCfg = Release|Win32
		{2977FC95-4F54-4059-B79D-845E57429BEC}.Release|x86.Build.0 = Release|Win32
		{9E6F7FAC-D91B-424C-BABB-2768CF80E41A}.Debug|x64.ActiveCfg = Debug|x64
		{9E6F7FAC-D91B-424C-BABB-2768CF80E41A}.Debug|x64.Build.0 = Debug|x64
		{9E6F7FAC-D91B-424C-BABB-2768CF80E41A}.Debug|x86.ActiveCfg = Debug|Win32
		{9E6F7FAC-D91B-424C-BABB-2768CF80E41A}.Debug|x86.Build.0 = Debug|Win32
		{9E6F7FAC-D91B-424C-BABB-2768CF80E41A}.Release|x64.ActiveCfg = Release|x64
		{9E6F7FAC-D91B-424C-BABB-2768CF80E41A}.Release|x64.Build.0 = Release|x64
		{9E6F7FAC-D91B-424C-BABB-2768CF80E41A}.Release|x86.ActiveCfg = Release|Win32
		{9E6F7FAC-D91B-424C-BABB-2768CF80E41A}.Release|x86.Build.0 = Release|Win32
		{1DD8B594-341E-490A-9EB7-73B220C3DF86}.Debug|x64.ActiveCfg = Debug|x64
		{1DD8B594-341E-490A-9EB7-73B220C3DF86}.Debug|x64.Build.0 = Debug|x64
		{1DD8B594-341E-490A-9EB7-73B220C3DF86}.Debug|x86.ActiveCfg = Debug|Win32
		{1DD8B594-341E-490A-9EB7-73B220C3DF86}.Debug|x86.Build.0 = Debug|Win32
		{1DD8B594-341E-490A-9EB7-73B220C3DF86}.Release|x64.ActiveCfg = Release|x64
		{1DD8B594-341E-490A-9EB7-73B220C3DF86}.Release|x64.Build.0 = Release|x64
		{1DD8B594-341E-490A-9EB7-73B220C3DF86}.Release|x86.ActiveCfg = Release|Win32
		{1DD8B594-341E-490A-9EB7-73B220C3DF86}.Release|x86.Build.0 = Release|Win32
		{58F606DF-0DFD-4407-82A6-D0DBCB5287E8}.Debug|x64.ActiveCfg = Debug|x64
		{58F606DF-0DFD-4407-82A6-D0DBCB5287E8}.Debug|x64.Build.0 = Debug|x64
		{58F606DF-0DFD-4407-82A6-D0DBCB5287E8}.Debug|x86.ActiveCfg = Debug|Win32
		{58F606DF-0DFD-4407-82A6-D0DBCB5287E8}.Debug|x86.Build.0 = Debug|Win32
		{58F606DF-0DFD-4407-82A6-D0DBCB5287E8}.Release|x64.ActiveCfg = Release|x64
		{58F606DF-0DFD-4407-82A6-D0DBCB5287E8}.Release|x64.Build.0 = Release|x64
		{58F606DF-0DFD-4407-82A6-D0DBCB5287E8}.Release|x86.ActiveCfg = Release|Win32
		{58F606DF-0DFD-4407-82A6-D0DBCB5287E8}.Release|x86.Build.0 = Release|Win32
		{41866686-6175-418B-BC91-59D289999B98}.Debug|x64.ActiveCfg = Debug|x64
		{41866686-6175-418B-BC91-59D289999B98}.Debug|x64.Build.0 = Debug|x64
		{41866686-6175-418B-BC91-59D289999B98}.Debug|x86.ActiveCfg = Debug|Win32
		{41866686-6175-418B-BC91-59D289999B98}.Debug|x86.Build.0 = Debug|Win32
		{41866686-6175-418B-BC91-59D289999B98}.Release|x64.ActiveCfg = Release|x64
		{41866686-6175-418B-BC91-59D289999B98}.Release|x64.Build.0 = Release|x64
		{41866686-6175-418B-BC91-59D289999B98}.Release|x86.ActiveCfg = Release|Win32
		{41866686-6175-418B-BC91-59D289999B98}.Release|x86.Build.0 = Release|Win32
		{4B09E860-FD36-4CDC-9A15-B3F825F5DE52}.Debug|x64.ActiveCfg = Debug|x64
		{4B09E860-FD36-4CDC-9A15-B3F825F5DE52}.Debug|x64.Build.0 = Debug|x64
		{4B09E860-FD36-4CDC-9A15-B3F825F5DE52}.Debug|x86.ActiveCfg = Debug|Win32
		{4B09E860-FD36-4CDC-9A15-B3F825F5DE52}.Debug|x86.Build.0 = Debug|Win32
		{4B09E860-FD36-4CDC-9A15-B3F825F5DE52}.Release|x64.ActiveCfg = Release|x64
		{4B09E860-FD36-4CDC-9A15-B3F825F5DE52}.Release|x64.Build.0 = Release|x64
		{4B09E860-FD36-4CDC-9A15-B3F825F5DE52}.Release|x86.ActiveCfg = Release|Win32
		{4B09E860-FD36-4CDC-9A15-B3F825F5DE52}.Release|x86.Build.0 = Release|Win32
		{7B62B55D-8D11-407F-8B06-72A43636274B}.Debug|x64.ActiveCfg = Debug|x64
		{7B62B55D-8D11-407F-8B06-72A43636274B}.Debug|x64.Build.0 = Debug|x64
		{7B62B55D-8D11-407F-8B06-72A43636274B}.Debug|x86.ActiveCfg = Debug|Win32
		{7B62B55D-8D11-407F-8B06-72A43636274B}.Debug|x86.Build.0 = Debug|Win32
		{7B62B55D-8D11-407F-8B06-72A43636274B}.Release|x64.ActiveCfg = Release|x64
		{7B62B55D-8D11-407F-8B06-72A43636274B}.Release|x64.Build.0 = Release|x64
		{7B62B55D-8D11-407F-8B06-72A43636274B}.Release|x86.ActiveCfg = Release|Win32
		{7B62B55D-8D11-407F-8B06-72A43636274B}.Release|x86.Build.0 = Release|Win32
		{502289E3-AE75-4C72-8865-D893341BDE73}.Debug|x64.ActiveCfg = Debug|x64
		{502289E3-AE75-4C72-8865-D893341BDE73}.Debug|x64.Build.0 = Debug|x64
		{502289E3-AE75-4C72-8865-D893341BDE73}.Debug|x86.ActiveCfg = Debug|Win32
		{502289E3-AE75-4C72-8865-D893341BDE73}.Debug|x86.Build.0 = Debug|Win32
		{502289E3-AE75-4C72-8865-D893341BDE73}.Release|x64.ActiveCfg = Release|x64
		{502289E3-AE75-4C72-8865-D893341BDE73}.Release|x64.Build.0 = Release|x64
		{502289E3-AE75-4C72-8865-D893341BDE73}.Release|x86.ActiveCfg = Release|Win32
		{502289E3-AE75-4C72-8865-D893341BDE73}.Release|x86.Build.0 = Release|Win32
		{58CCD002-7CE9-4C83-888B-CCA033FF57FA}.Debug|x64.ActiveCfg = Debug|x64
		{58CCD002-7CE9-4C83-888B-CCA033FF57FA}.Debug|x64.Build.0 = Debug|x64
		{58CCD002-7CE9-4C83-888B-CCA033FF57FA}.Debug|x86.ActiveCfg = Debug|Win32
		{58CCD002-7CE9-4C83-888B-CCA033FF57FA}.Debug|x86.Build.0 = Debug|Win32
		{58CCD002-7CE9-4C83-888B-CCA033FF57FA}.Release|x64.ActiveCfg = Release|x64
		{58CCD002-7CE9-4C83-888B-CCA033FF57FA}.Release|x64.Build.0 = Release|x64
		{58CCD002-7CE9-4C83-888B-CCA033FF57FA}.Release|x86.ActiveCfg = Release|Win32
		{58CCD002-7CE9-4C83-888B-CCA033FF57FA}.Release|x86.Build.0 = Release|Win32
		{4BD69044-B8F5-421A-ABD7-6F370260E7E5}.Debug|x64.ActiveCfg = Debug|x64
		{4BD69044-B8F5-421A-ABD7-6F370260E7E5}.Debug|x64.Build.0 = Debug|x64
		{4BD69044-B8F5-421A-ABD7-6F370260E7E5}.Debug|x86.ActiveCfg = Debug|Win32
		{4BD69044-B8F5-421A-ABD7-6F370260E7E5}.Debug|x86.Build.0 = Debug|Win32
		{4BD69044-B8F5-421A-ABD7-6F370260E7E5}.Release|x64.ActiveCfg = Release|x64
		{4BD69044-B8F5-421A-ABD7-6F370260E7E5}.Release|x64.Build.0 = Release|x64
		{4BD69044-B8F5-421A-ABD7-6F370260E7E5}.Release|x86.ActiveCfg = Release|Win32
		{4BD69044-B8F5-421A-ABD7-6F370260E7E5}.Release|x86.Build.0 = Release|Win32
		{FC61806B-EFAC-40F5-A472-2B1BD7AF5E02}.Debug|x64.ActiveCfg = Debug|x64
		{FC61806B-EFAC-40F5-A472-2B1BD7AF5E02}.Debug|x64.Build.0 = Debug|x64
		{FC61806B-EFAC-40F5-A472-2B1BD7AF5E02}.Debug|x86.ActiveCfg = Debug|Win32
		{FC61806B-EFAC-40F5-A472-2B1BD7AF5E02}.Debug|x86.Build.0 = Debug|Win32
		{FC61806B-EFAC-40F5-A472-2B1BD7AF5E02}.Release|x64.ActiveCfg = Release|x64
		{FC61806B-EFAC-40F5-A472-2B1BD7AF5E02}.Release|x64.Build.0 = Release|x64
		{FC61806B-EFAC-40F5-A472-2B1BD7AF5E02}.Release|x86.ActiveCfg = Release|Win32
		{FC61806B-EFAC-40F5-A472-2B1BD7AF5E02}.Release|x86.Build.0 = Release|Win32
		{DFDADA12-A9F0-48DC-A876-E03F74996F27}.Debug|x64.ActiveCfg = Debug|x64
		{DFDADA12-A9F0-48DC-A876-E03F74996F27}.Debug|x64.Build.0 = Debug|x64
		{DFDADA12-A9F0-48DC-A876-E03F74996F27}.Debug|x86.ActiveCfg = Debug|Win32
		{DFDADA12-A9F0-48DC-A876-E03F74996F27}.Debug|x86.Build.0 = Debug|Win32
		{DFDADA12-A9F0-48DC-A876-E03F74996F27}.Release|x64.ActiveCfg = Release|x64
		{DFDADA12-A9F0-48DC-A876-E03F74996F27}.Release|x64.Build.0 = Release|x64
		{DFDADA12-A9F0-48DC-A876-E03F74996F27}.Release|x86.ActiveCfg = Release|Win32
		{DFDADA12-A9F0-48DC-A876-E03F74996F27}.Release|x86.Build.0 = Release|Win32
		{0D3B1F56-472D-4A5A-9DC3-DFF3878980AD}.Debug|x64.ActiveCfg = Debug|x64
		{0D3B1F56-472D-4A5A-9DC3-DFF3878980AD}.Debug|x64.Build.0 = Debug|x64
		{0D3B1F56-472D-4A5A-9DC3-DFF3878980AD}.Debug|x86.ActiveCfg = Debug|Win32
		{0D3B1F56-472D-4A5A-9DC3-DFF3878980AD}.Debug|x86.Build.0 = Debug|Win32
		{0D3B1F56-472D-4A5A-9DC3-DFF3878980AD}.Release|x64.ActiveCfg = Release|x64
		{0D3B1F56-472D-4A5A-9DC3-DFF3878980AD}.Release|x64.Build.0 = Release|x64
		{0D3B1F56-472D-4A5A-9DC3-DFF3878980AD}.Release|x86.ActiveCfg = Release|Win32
		{0D3B1F56-472D-4A5A-9DC3-DFF3878980AD}.Release|x86.Build.0 = Release|Win32
		{9D8783F7-6300-4660-91DA-80C8538E79E1}.Debug|x64.ActiveCfg = Debug|x64
		{9D8783F7-6300-4660-91DA-80C8538E79E1}.Debug|x64.Build.0 = Debug|x64
		{9D8783F7-6300-4660-91DA-80C8538E79E1}.Debug|x86.ActiveCfg = Debug|Win32
		{9D8783F7-6300-4660-91DA-80C8538E79E1}.Debug|x86.Build.0 = Debug|Win32
		{9D8783F7-6300-4660-91DA-80C8538E79E1}.Release|x64.ActiveCfg = Release|x64
		{9D8783F7-6300-4660-91DA-80C8538E79E1}.Release|x64.Build.0 = Release|x64
		{9D8783F7-6300-4660-91DA-80C8538E79E1}.Release|x86.ActiveCfg = Release|Win32
		{9D8783F7-6300-4660-91DA-80C8538E79E1}.Release|x86.Build.0 = Release|Win32
		{EA5F9F2F-5050-4CAB-BDA6-CE066D6B4E6F}.Debug|x64.ActiveCfg = Debug|x64
		{EA5F9F2F-5050-4CAB-BDA6-CE066D6B4E6F}.Debug|x64.Build.0 = Debug|x64
		{EA5F9F2F-5050-4CAB-BDA6-CE066D6B4E6F}.Debug|x86.ActiveCfg = Debug|Win32
		{EA5F9F2F-5050-4CAB-BDA6-CE066D6B4E6F}.Debug|x86.Build.0 = Debug|Win32
		{EA5F9F2F-5050-4CAB-BDA6-CE066D6B4E6F}.Release|x64.ActiveCfg = Release|x64
		{EA5F9F2F-5050-4CAB-BDA6-CE066D6B4E6F}.Release|x64.Build.0 = Release|x64
		{EA5F9F2F-5050-4CAB-BDA6-CE066D6B4E6F}.Release|x86.ActiveCfg = Release|Win32
		{EA5F9F2F-5050-4CAB-BDA6-CE066D6B4E6F}.Release|x86.Build.0 = Release|Win32
		{172B61A7-4764-4610-88D0-99025FE239C1}.Debug|x64.ActiveCfg = Debug|x64
		{172B61A7-4764-4610-88D0-99025FE239C1}.Debug|x64.Build.0 = Debug|x64
		{172B61A7-4764-4610-88D0-99025FE239C1}.Debug|x86.ActiveCfg = Debug|Win32
		{172B61A7-4764-4610-88D0-99025FE239C1}.Debug|x86.Build.0 = Debug|Win32
		{172B61A7-4764-4610-88D0-99025FE239C1}.Release|x64.ActiveCfg = Release|x64
		{172B61A7-4764-4610-88D0-99025FE239C1}.Release|x64.Build.0 = Release|x64
		{172B61A7-4764-4610-88D0-99025FE239C1}.Release|x86.ActiveCfg = Release|Win32
		{172B61A7-4764-4610-88D0-99025FE239C1}.Release|x86.Build.0 = Release|Win32
		{E45B28F9-D04E-4B33-AD19-5F4EF08EC943}.Debug|x64.ActiveCfg = Debug|x64
		{E45B28F9-D04E-4B33-AD19-5F4EF08EC943}.Debug|x64.Build.0 = Debug|x64
		{E45B28F9-D04E-4B33-AD19-5F4EF08EC943}.Debug|x86.ActiveCfg = Debug|Win32
		{E45B28F9-D04E-4B33-AD19-5F4EF08EC943}.Debug|x86.Build.0 = Debug|Win32
		{E45B28F9-D04E-4B33-AD19-5F4EF08EC943}.Release|x64.ActiveCfg = Release|x64
		{E45B28F9-D04E-4B33-AD19-5F4EF08EC943}.Release|x64.Build.0 = Release|x64
		{E45B28F9-D04E-4B33-AD19-5F4EF08EC943}.Release|x86.ActiveCfg = Release|Win32
		{E45B28F9-D04E-4B33-AD19-5F4EF08EC943}.Release|x86.Build.0 = Release|Win32
		{E25CE0F7-AE00-47C2-96B5-AAA958C0CDB3}.Debug|x64.ActiveCfg = Debug|x64
		{E25CE0F7-AE00-47C2-96B5-AAA958C0CDB3}.Debug|x64.Build.0 = Debug|x64
		{E25CE0F7-AE00-47C2-96B5-AAA958C0CDB3}.Debug|x86.ActiveCfg = Debug|Win32
		{E25CE0F7-AE00-47C2-96B5-AAA958C0CDB3}.Debug|x86.Build.0 = Debug|Win32
		{E25CE0F7-AE00-47C2-96B5-AAA958C0CDB3}.Release|x64.ActiveCfg = Release|x64
		{E25CE0F7-AE00-47C2-96B5-AAA958C0CDB3}.Release|x64.Build.0 = Release|x64
		{E25CE0F7-AE00-47C2-96B5-AAA958C0CDB3}.Release|x86.ActiveCfg = Release|Win32
		{E25CE0F7-AE00-47C2-96B5-AAA958C0CDB3}.Release|x86.Build.0 = Release|Win32
		{80349286-BA62-4EAA-8662-7CDF81CFE561}.Debug|x64.ActiveCfg = Debug|x64
		{80349286-BA62-4EAA-8662-7CDF81CFE561}.Debug|x64.Build.0 = Debug|x64
		{80349286-BA62-4EAA-8662-7CDF81CFE561}.Debug|x86.ActiveCfg = Debug|Win32
		{80349286-BA62-4EAA-8662-7CDF81CFE561}.Debug|x86.Build.0 = Debug|Win32
		{80349286-BA62-4EAA-8662-7CDF81CFE561}.Release|x64.ActiveCfg = Release|x64
		{80349286-BA62-4EAA-8662-7CDF81CFE561}.Release|x64.Build.0 = Release|x64
		{80349286-BA62-4EAA-8662-7CDF81CFE561}.Release|x86.ActiveCfg = Release|Win32
		{80349286-BA62-4EAA-8662-7CDF81CFE561}.Release|x86.Build.0 = Release|Win32
		{F1823B3F-6B53-4129-9C7D-A1F853146D0E}.Debug|x64.ActiveCfg = Debug|x64
		{F1823B3F-6B53-4129-9C7D-A1F853146D0E}.Debug|x64.Build.0 = Debug|x64
		{F1823B3F-6B53-4129-9C7D-A1F853146D0E}.Debug|x86.ActiveCfg = Debug|Win32
		{F1823B3F-6B53-4129-9C7D-A1F853146D0E}.Debug|x86.Build.0 = Debug|Win32
		{F1823B3F-6B53-4129-9C7D-A1F853146D0E}.Release|x64.ActiveCfg = Release|x64
		{F1823B3F-6B53-4129-9C7D-A1F853146D0E}.Release|x64.Build.0 = Release|x64
		{F1823B3F-6B53-4129-9C7D-A1F853146D0E}.Release|x86.ActiveCfg = Release|Win32
		{F1823B3F-6B53-4129-9C7D-A1F853146D0E}.Release|x86.Build.0 = Release|Win32
		{F3F3D46E-90B2-405D-9759-77B5EF032929}.Debug|x64.ActiveCfg = Debug|x64
		{F3F3D46E-90B2-405D-9759-77B5EF032929}.Debug|x64.Build.0 = Debug|x64
		{F3F3D46E-90B2-405D-9759-77B5EF032929}.Debug|x86.ActiveCfg = Debug|Win32
		{F3F3D46E-90B2-405D-9759-77B5EF032929}.Debug|x86.Build.0 = Debug|Win32
		{F3F3D46E-90B2-405D-9759-77B5EF032929}.Release|x64.ActiveCfg = Release|x64
		{F3F3D46E-90B2-405D-9759-77B5EF032929}.Release|x64.Build.0 = Release|x64
		{F3F3D46E-90B2-405D-9759-77B5EF032929}.Release|x86.ActiveCfg = Release|Win32
		{F3F3D46E-90B2-405D-9759-77B5EF032929}.Release|x86.Build.0 = Release|Win32
		{35065025-C306-4653-AAC3-8F874348B048}.Debug|x64.ActiveCfg = Debug|x64
		{35065025-C306-4653-AAC3-8F874348B048}.Debug|x64.Build.0 = Debug|x64
		{35065025-C306-4653-AAC3-8F874348B048}.Debug|x86.ActiveCfg = Debug|Win32
		{35065025-C306-4653-AAC3-8F874348B048}.Debug|x86.Build.0 = Debug|Win32
		{35065025-C306-4653-AAC3-8F874348B048}.Release|x64.ActiveCfg = Release|x64
		{35065025-C306-4653-AAC3-8F874348B048}.Release|x64.Build.0 = Release|x64
		{35065025-C306-4653-AAC3-8F874348B048}.Release|x86.ActiveCfg = Release|Win32
		{35065025-C306-4653-AAC3-8F874348B048}.Release|x86.Build.0 = Release|Win32
		{843A4514-C007-4F93-9793-8C17C5BACDD2}.Debug|x64.ActiveCfg = Debug|x64
		{843A4514-C007-4F93-9793-8C17C5BACDD2}.Debug|x64.Build.0 = Debug|x64
		{843A4514-C007-4F93-9793-8C17C5BACDD2}.Debug|x86.ActiveCfg = Debug|Win32
		{843A4514-C007-4F93-9793-8C17C5BACDD2}.Debug|x86.Build.0 = Debug|Win32
		{843A4514-C007-4F93-9793-8C17C5BACDD2}.Release|x64.ActiveCfg = Release|x64
		{843A4514-C007-4F93-9793-8C17C5BACDD2}.Release|x64.Build.0 = Release|x64
		{843A4514-C007-4F93-9793-8C17C5BACDD2}.Release|x86.ActiveCfg = Release|Win32
		{843A4514-C007-4F93-9793-8C17C5BACDD2}.Release|x86.Build.0 = Release|Win32
		{0D41DAC5-F4AC-465E-9364-0E93643CED94}.Debug|x64.ActiveCfg = Debug|x64
		{0D41DAC5-F4AC-465E-9364-0E93643CED94}.Debug|x64.Build.0 = Debug|x64
		{0D41DAC5-F4AC-465E-9364-0E93643CED94}.Debug|x86.ActiveCfg = Debug|Win32
		{0D41DAC5-F4AC-465E-9364-0E93643CED94}.Debug|x86.Build.0 = Debug|Win32
		{0D41DAC5-F4AC-465E-9364-0E93643CED94}.Release|x64.ActiveCfg = Release|x64
		{0D41DAC5-F4AC-465E-9364-0E93643CED94}.Release|x64.Build.0 = Release|x64
		{0D41DAC5-F4AC-465E-9364-0E93643CED94}.Release|x86.ActiveCfg = Release|Win32
		{0D41DAC5-F4AC-465E-9364-0E93643CED94}.Release|x86.Build.0 = Release|Win32
		{8C8DB9D0-0C32-457A-B18E-4E5B02BA8EA7}.Debug|x64.ActiveCfg = Debug|x64
		{8C8DB9D0-0C32-457A-B18E-4E5B02BA8EA7}.Debug|x64.Build.0 = Debug|x64
		{8C8DB9D0-0C32-457A-B18E-4E5B02BA8EA7}.Debug|x86.ActiveCfg = Debug|Win32
		{8C8DB9D0-0C32-457A-B18E-4E5B02BA8EA7}.Debug|x86.Build.0 = Debug|Win32
		{8C8DB9D0-0C32-457A-B18E-4E5B02BA8EA7}.Release|x64.ActiveCfg = Release|x64
		{8C8DB9D0-0C32-457A-B18E-4E5B02BA8EA7}.Release|x64.Build.0 = Release|x64
		{8C8DB9D0-0C32-457A-B18E-4E5B02BA8EA7}.Release|x86.ActiveCfg = Release|Win32
		{8C8DB9D0-0C32-457A-B18E-4E5B02BA8EA7}.Release|x86.Build.0 = Release|Win32
	EndGlobalSection
	GlobalSection(SolutionProperties) = preSolution
		HideSolutionNode = FALSE
	EndGlobalSection
	GlobalSection(ExtensibilityGlobals) = postSolution
		SolutionGuid = {B6008855-F1EE-48A5-9C05-1C6FDAC35643}
	EndGlobalSection
EndGlobal
