
Microsoft Visual Studio Solution File, Format Version 12.00
# Visual Studio 15
VisualStudioVersion = 15.0.28307.438
MinimumVisualStudioVersion = 10.0.40219.1
Project("{8BC9CEB8-8B4A-11D0-8D11-00A0C91BC942}") = "1000", "BaekJun Project\BaekJun Project.vcxproj", "{6A33CE62-807C-4383-95A3-5871E57FCD01}"
EndProject
Project("{8BC9CEB8-8B4A-11D0-8D11-00A0C91BC942}") = "2884", "Project1\Project1.vcxproj", "{7FCD679D-9A90-4578-B981-40AA51837B25}"
EndProject
Project("{8BC9CEB8-8B4A-11D0-8D11-00A0C91BC942}") = "1001", "1001\1001.vcxproj", "{5F945B9A-2B95-4A45-BEE2-E1727A39AF15}"
EndProject
Project("{8BC9CEB8-8B4A-11D0-8D11-00A0C91BC942}") = "1008", "1008\1008.vcxproj", "{87B3B4CA-5F1B-464D-9929-9A828DC1F503}"
EndProject
Project("{8BC9CEB8-8B4A-11D0-8D11-00A0C91BC942}") = "1330", "1330\1330.vcxproj", "{FB956304-3000-4976-AE03-9BFB78642996}"
EndProject
Project("{8BC9CEB8-8B4A-11D0-8D11-00A0C91BC942}") = "2557", "2557\2557.vcxproj", "{5A4A55B9-CD2A-41A7-8DD4-E8C0EE904DD9}"
EndProject
Project("{8BC9CEB8-8B4A-11D0-8D11-00A0C91BC942}") = "2588", "2588\2588.vcxproj", "{42FA92F6-B8FB-486E-B40A-CDA181EA5AF1}"
EndProject
Project("{8BC9CEB8-8B4A-11D0-8D11-00A0C91BC942}") = "2630", "2630\2630.vcxproj", "{570F26E6-BCAA-41C3-8DCC-4782FA8D4D23}"
EndProject
Project("{8BC9CEB8-8B4A-11D0-8D11-00A0C91BC942}") = "2753", "2753\2753.vcxproj", "{E453D5CE-E700-43C7-9EDE-2F832EDF58D1}"
EndProject
Project("{8BC9CEB8-8B4A-11D0-8D11-00A0C91BC942}") = "7287", "7287\7287.vcxproj", "{1DF41CAA-DBAB-478A-B738-36E2EC615962}"
EndProject
Project("{8BC9CEB8-8B4A-11D0-8D11-00A0C91BC942}") = "9498", "9498\9498.vcxproj", "{723505BE-FAFB-4E25-AC63-9D7BE8AA3259}"
EndProject
Project("{8BC9CEB8-8B4A-11D0-8D11-00A0C91BC942}") = "10171", "10171\10171.vcxproj", "{5DF7035E-85CC-4AF6-B10A-369804809E92}"
EndProject
Project("{8BC9CEB8-8B4A-11D0-8D11-00A0C91BC942}") = "10172", "10172\10172.vcxproj", "{559B635C-4836-47DC-AE01-448BB220DE0B}"
EndProject
Project("{8BC9CEB8-8B4A-11D0-8D11-00A0C91BC942}") = "10430", "10430\10430.vcxproj", "{9ADFCDE4-78E5-4E9E-B789-BE19CE787F9E}"
EndProject
Project("{8BC9CEB8-8B4A-11D0-8D11-00A0C91BC942}") = "10718", "10718\10718.vcxproj", "{6B223F5F-5C8A-43AF-9702-DC31C136202D}"
EndProject
Project("{8BC9CEB8-8B4A-11D0-8D11-00A0C91BC942}") = "10869", "10869\10869.vcxproj", "{DA5C19F1-3D2E-4FAC-8814-C9A7B07613AB}"
EndProject
Project("{8BC9CEB8-8B4A-11D0-8D11-00A0C91BC942}") = "10998", "10998\10998.vcxproj", "{705FCD38-C642-442E-A38D-56D2F7D16EA0}"
EndProject
Project("{8BC9CEB8-8B4A-11D0-8D11-00A0C91BC942}") = "10817", "10817\10817.vcxproj", "{146D02F7-A206-4A42-BB61-0C1E94F84820}"
EndProject
Project("{8BC9CEB8-8B4A-11D0-8D11-00A0C91BC942}") = "2739", "2739\2739.vcxproj", "{A32EA68F-CD70-4633-981E-061077321E80}"
EndProject
Project("{8BC9CEB8-8B4A-11D0-8D11-00A0C91BC942}") = "10950", "10950\10950.vcxproj", "{A63804AE-53C7-474E-8AEE-3D7818946588}"
EndProject
Project("{8BC9CEB8-8B4A-11D0-8D11-00A0C91BC942}") = "8393", "8393\8393.vcxproj", "{B693F824-D2AF-4095-9ABB-C7FF5DD645AC}"
EndProject
Project("{8BC9CEB8-8B4A-11D0-8D11-00A0C91BC942}") = "15552", "15552\15552.vcxproj", "{DD4FE5D6-1B8E-4F85-8472-5D76536E38EC}"
EndProject
Project("{8BC9CEB8-8B4A-11D0-8D11-00A0C91BC942}") = "2741", "2741\2741.vcxproj", "{8CB6184D-65C9-45A1-82B0-2A13CBDAC423}"
EndProject
Project("{8BC9CEB8-8B4A-11D0-8D11-00A0C91BC942}") = "2742", "2742\2742.vcxproj", "{0FF9FF13-FD80-4864-85A9-242670F45135}"
EndProject
Project("{8BC9CEB8-8B4A-11D0-8D11-00A0C91BC942}") = "11021", "11021\11021.vcxproj", "{BA028AF2-0799-4280-B527-9C6FD2837697}"
EndProject
Project("{8BC9CEB8-8B4A-11D0-8D11-00A0C91BC942}") = "11022", "11022\11022.vcxproj", "{CE996A67-A192-4CCA-9919-D8EBC0491A84}"
EndProject
Project("{8BC9CEB8-8B4A-11D0-8D11-00A0C91BC942}") = "2438", "2438\2438.vcxproj", "{5CD9C37C-5F4F-47B6-9033-F30B2A6FC300}"
EndProject
Project("{8BC9CEB8-8B4A-11D0-8D11-00A0C91BC942}") = "2439", "2439\2439.vcxproj", "{B7390E8A-DC76-4674-B531-03B3C0AE91EA}"
EndProject
Project("{8BC9CEB8-8B4A-11D0-8D11-00A0C91BC942}") = "1220", "1220\1220.vcxproj", "{06D1D219-7C27-405F-8698-D98FDA3FCD76}"
EndProject
Project("{8BC9CEB8-8B4A-11D0-8D11-00A0C91BC942}") = "BigInt", "BigInt\BigInt.vcxproj", "{AF893F83-1077-47F1-8281-515EF068D98D}"
EndProject
Project("{8BC9CEB8-8B4A-11D0-8D11-00A0C91BC942}") = "15649", "15649\15649.vcxproj", "{F0EC4A06-0F1C-4B44-A3D2-D3F5FA3747D9}"
EndProject
Project("{8BC9CEB8-8B4A-11D0-8D11-00A0C91BC942}") = "1717", "1717\1717.vcxproj", "{78DEB6B9-18AA-48F4-9FE3-3F83E30EBB7D}"
EndProject
Project("{8BC9CEB8-8B4A-11D0-8D11-00A0C91BC942}") = "11758", "11758\11758.vcxproj", "{26057AB3-F755-42C7-AA56-8AE022A78A2E}"
EndProject
Project("{8BC9CEB8-8B4A-11D0-8D11-00A0C91BC942}") = "1260", "1260\1260.vcxproj", "{E8F48D69-2465-4F22-9A71-EDD1E6E2922C}"
EndProject
Project("{8BC9CEB8-8B4A-11D0-8D11-00A0C91BC942}") = "1476", "1476\1476.vcxproj", "{6378EE23-FBFB-4AB8-B653-7B26BD8C6C87}"
EndProject
Global
	GlobalSection(SolutionConfigurationPlatforms) = preSolution
		Debug|x64 = Debug|x64
		Debug|x86 = Debug|x86
		Release|x64 = Release|x64
		Release|x86 = Release|x86
	EndGlobalSection
	GlobalSection(ProjectConfigurationPlatforms) = postSolution
		{6A33CE62-807C-4383-95A3-5871E57FCD01}.Debug|x64.ActiveCfg = Debug|x64
		{6A33CE62-807C-4383-95A3-5871E57FCD01}.Debug|x64.Build.0 = Debug|x64
		{6A33CE62-807C-4383-95A3-5871E57FCD01}.Debug|x86.ActiveCfg = Debug|Win32
		{6A33CE62-807C-4383-95A3-5871E57FCD01}.Debug|x86.Build.0 = Debug|Win32
		{6A33CE62-807C-4383-95A3-5871E57FCD01}.Release|x64.ActiveCfg = Release|x64
		{6A33CE62-807C-4383-95A3-5871E57FCD01}.Release|x64.Build.0 = Release|x64
		{6A33CE62-807C-4383-95A3-5871E57FCD01}.Release|x86.ActiveCfg = Release|Win32
		{6A33CE62-807C-4383-95A3-5871E57FCD01}.Release|x86.Build.0 = Release|Win32
		{7FCD679D-9A90-4578-B981-40AA51837B25}.Debug|x64.ActiveCfg = Debug|x64
		{7FCD679D-9A90-4578-B981-40AA51837B25}.Debug|x64.Build.0 = Debug|x64
		{7FCD679D-9A90-4578-B981-40AA51837B25}.Debug|x86.ActiveCfg = Debug|Win32
		{7FCD679D-9A90-4578-B981-40AA51837B25}.Debug|x86.Build.0 = Debug|Win32
		{7FCD679D-9A90-4578-B981-40AA51837B25}.Release|x64.ActiveCfg = Release|x64
		{7FCD679D-9A90-4578-B981-40AA51837B25}.Release|x64.Build.0 = Release|x64
		{7FCD679D-9A90-4578-B981-40AA51837B25}.Release|x86.ActiveCfg = Release|Win32
		{7FCD679D-9A90-4578-B981-40AA51837B25}.Release|x86.Build.0 = Release|Win32
		{5F945B9A-2B95-4A45-BEE2-E1727A39AF15}.Debug|x64.ActiveCfg = Debug|x64
		{5F945B9A-2B95-4A45-BEE2-E1727A39AF15}.Debug|x64.Build.0 = Debug|x64
		{5F945B9A-2B95-4A45-BEE2-E1727A39AF15}.Debug|x86.ActiveCfg = Debug|Win32
		{5F945B9A-2B95-4A45-BEE2-E1727A39AF15}.Debug|x86.Build.0 = Debug|Win32
		{5F945B9A-2B95-4A45-BEE2-E1727A39AF15}.Release|x64.ActiveCfg = Release|x64
		{5F945B9A-2B95-4A45-BEE2-E1727A39AF15}.Release|x64.Build.0 = Release|x64
		{5F945B9A-2B95-4A45-BEE2-E1727A39AF15}.Release|x86.ActiveCfg = Release|Win32
		{5F945B9A-2B95-4A45-BEE2-E1727A39AF15}.Release|x86.Build.0 = Release|Win32
		{87B3B4CA-5F1B-464D-9929-9A828DC1F503}.Debug|x64.ActiveCfg = Debug|x64
		{87B3B4CA-5F1B-464D-9929-9A828DC1F503}.Debug|x64.Build.0 = Debug|x64
		{87B3B4CA-5F1B-464D-9929-9A828DC1F503}.Debug|x86.ActiveCfg = Debug|Win32
		{87B3B4CA-5F1B-464D-9929-9A828DC1F503}.Debug|x86.Build.0 = Debug|Win32
		{87B3B4CA-5F1B-464D-9929-9A828DC1F503}.Release|x64.ActiveCfg = Release|x64
		{87B3B4CA-5F1B-464D-9929-9A828DC1F503}.Release|x64.Build.0 = Release|x64
		{87B3B4CA-5F1B-464D-9929-9A828DC1F503}.Release|x86.ActiveCfg = Release|Win32
		{87B3B4CA-5F1B-464D-9929-9A828DC1F503}.Release|x86.Build.0 = Release|Win32
		{FB956304-3000-4976-AE03-9BFB78642996}.Debug|x64.ActiveCfg = Debug|x64
		{FB956304-3000-4976-AE03-9BFB78642996}.Debug|x64.Build.0 = Debug|x64
		{FB956304-3000-4976-AE03-9BFB78642996}.Debug|x86.ActiveCfg = Debug|Win32
		{FB956304-3000-4976-AE03-9BFB78642996}.Debug|x86.Build.0 = Debug|Win32
		{FB956304-3000-4976-AE03-9BFB78642996}.Release|x64.ActiveCfg = Release|x64
		{FB956304-3000-4976-AE03-9BFB78642996}.Release|x64.Build.0 = Release|x64
		{FB956304-3000-4976-AE03-9BFB78642996}.Release|x86.ActiveCfg = Release|Win32
		{FB956304-3000-4976-AE03-9BFB78642996}.Release|x86.Build.0 = Release|Win32
		{5A4A55B9-CD2A-41A7-8DD4-E8C0EE904DD9}.Debug|x64.ActiveCfg = Debug|x64
		{5A4A55B9-CD2A-41A7-8DD4-E8C0EE904DD9}.Debug|x64.Build.0 = Debug|x64
		{5A4A55B9-CD2A-41A7-8DD4-E8C0EE904DD9}.Debug|x86.ActiveCfg = Debug|Win32
		{5A4A55B9-CD2A-41A7-8DD4-E8C0EE904DD9}.Debug|x86.Build.0 = Debug|Win32
		{5A4A55B9-CD2A-41A7-8DD4-E8C0EE904DD9}.Release|x64.ActiveCfg = Release|x64
		{5A4A55B9-CD2A-41A7-8DD4-E8C0EE904DD9}.Release|x64.Build.0 = Release|x64
		{5A4A55B9-CD2A-41A7-8DD4-E8C0EE904DD9}.Release|x86.ActiveCfg = Release|Win32
		{5A4A55B9-CD2A-41A7-8DD4-E8C0EE904DD9}.Release|x86.Build.0 = Release|Win32
		{42FA92F6-B8FB-486E-B40A-CDA181EA5AF1}.Debug|x64.ActiveCfg = Debug|x64
		{42FA92F6-B8FB-486E-B40A-CDA181EA5AF1}.Debug|x64.Build.0 = Debug|x64
		{42FA92F6-B8FB-486E-B40A-CDA181EA5AF1}.Debug|x86.ActiveCfg = Debug|Win32
		{42FA92F6-B8FB-486E-B40A-CDA181EA5AF1}.Debug|x86.Build.0 = Debug|Win32
		{42FA92F6-B8FB-486E-B40A-CDA181EA5AF1}.Release|x64.ActiveCfg = Release|x64
		{42FA92F6-B8FB-486E-B40A-CDA181EA5AF1}.Release|x64.Build.0 = Release|x64
		{42FA92F6-B8FB-486E-B40A-CDA181EA5AF1}.Release|x86.ActiveCfg = Release|Win32
		{42FA92F6-B8FB-486E-B40A-CDA181EA5AF1}.Release|x86.Build.0 = Release|Win32
		{570F26E6-BCAA-41C3-8DCC-4782FA8D4D23}.Debug|x64.ActiveCfg = Debug|x64
		{570F26E6-BCAA-41C3-8DCC-4782FA8D4D23}.Debug|x64.Build.0 = Debug|x64
		{570F26E6-BCAA-41C3-8DCC-4782FA8D4D23}.Debug|x86.ActiveCfg = Debug|Win32
		{570F26E6-BCAA-41C3-8DCC-4782FA8D4D23}.Debug|x86.Build.0 = Debug|Win32
		{570F26E6-BCAA-41C3-8DCC-4782FA8D4D23}.Release|x64.ActiveCfg = Release|x64
		{570F26E6-BCAA-41C3-8DCC-4782FA8D4D23}.Release|x64.Build.0 = Release|x64
		{570F26E6-BCAA-41C3-8DCC-4782FA8D4D23}.Release|x86.ActiveCfg = Release|Win32
		{570F26E6-BCAA-41C3-8DCC-4782FA8D4D23}.Release|x86.Build.0 = Release|Win32
		{E453D5CE-E700-43C7-9EDE-2F832EDF58D1}.Debug|x64.ActiveCfg = Debug|x64
		{E453D5CE-E700-43C7-9EDE-2F832EDF58D1}.Debug|x64.Build.0 = Debug|x64
		{E453D5CE-E700-43C7-9EDE-2F832EDF58D1}.Debug|x86.ActiveCfg = Debug|Win32
		{E453D5CE-E700-43C7-9EDE-2F832EDF58D1}.Debug|x86.Build.0 = Debug|Win32
		{E453D5CE-E700-43C7-9EDE-2F832EDF58D1}.Release|x64.ActiveCfg = Release|x64
		{E453D5CE-E700-43C7-9EDE-2F832EDF58D1}.Release|x64.Build.0 = Release|x64
		{E453D5CE-E700-43C7-9EDE-2F832EDF58D1}.Release|x86.ActiveCfg = Release|Win32
		{E453D5CE-E700-43C7-9EDE-2F832EDF58D1}.Release|x86.Build.0 = Release|Win32
		{1DF41CAA-DBAB-478A-B738-36E2EC615962}.Debug|x64.ActiveCfg = Debug|x64
		{1DF41CAA-DBAB-478A-B738-36E2EC615962}.Debug|x64.Build.0 = Debug|x64
		{1DF41CAA-DBAB-478A-B738-36E2EC615962}.Debug|x86.ActiveCfg = Debug|Win32
		{1DF41CAA-DBAB-478A-B738-36E2EC615962}.Debug|x86.Build.0 = Debug|Win32
		{1DF41CAA-DBAB-478A-B738-36E2EC615962}.Release|x64.ActiveCfg = Release|x64
		{1DF41CAA-DBAB-478A-B738-36E2EC615962}.Release|x64.Build.0 = Release|x64
		{1DF41CAA-DBAB-478A-B738-36E2EC615962}.Release|x86.ActiveCfg = Release|Win32
		{1DF41CAA-DBAB-478A-B738-36E2EC615962}.Release|x86.Build.0 = Release|Win32
		{723505BE-FAFB-4E25-AC63-9D7BE8AA3259}.Debug|x64.ActiveCfg = Debug|x64
		{723505BE-FAFB-4E25-AC63-9D7BE8AA3259}.Debug|x64.Build.0 = Debug|x64
		{723505BE-FAFB-4E25-AC63-9D7BE8AA3259}.Debug|x86.ActiveCfg = Debug|Win32
		{723505BE-FAFB-4E25-AC63-9D7BE8AA3259}.Debug|x86.Build.0 = Debug|Win32
		{723505BE-FAFB-4E25-AC63-9D7BE8AA3259}.Release|x64.ActiveCfg = Release|x64
		{723505BE-FAFB-4E25-AC63-9D7BE8AA3259}.Release|x64.Build.0 = Release|x64
		{723505BE-FAFB-4E25-AC63-9D7BE8AA3259}.Release|x86.ActiveCfg = Release|Win32
		{723505BE-FAFB-4E25-AC63-9D7BE8AA3259}.Release|x86.Build.0 = Release|Win32
		{5DF7035E-85CC-4AF6-B10A-369804809E92}.Debug|x64.ActiveCfg = Debug|x64
		{5DF7035E-85CC-4AF6-B10A-369804809E92}.Debug|x64.Build.0 = Debug|x64
		{5DF7035E-85CC-4AF6-B10A-369804809E92}.Debug|x86.ActiveCfg = Debug|Win32
		{5DF7035E-85CC-4AF6-B10A-369804809E92}.Debug|x86.Build.0 = Debug|Win32
		{5DF7035E-85CC-4AF6-B10A-369804809E92}.Release|x64.ActiveCfg = Release|x64
		{5DF7035E-85CC-4AF6-B10A-369804809E92}.Release|x64.Build.0 = Release|x64
		{5DF7035E-85CC-4AF6-B10A-369804809E92}.Release|x86.ActiveCfg = Release|Win32
		{5DF7035E-85CC-4AF6-B10A-369804809E92}.Release|x86.Build.0 = Release|Win32
		{559B635C-4836-47DC-AE01-448BB220DE0B}.Debug|x64.ActiveCfg = Debug|x64
		{559B635C-4836-47DC-AE01-448BB220DE0B}.Debug|x64.Build.0 = Debug|x64
		{559B635C-4836-47DC-AE01-448BB220DE0B}.Debug|x86.ActiveCfg = Debug|Win32
		{559B635C-4836-47DC-AE01-448BB220DE0B}.Debug|x86.Build.0 = Debug|Win32
		{559B635C-4836-47DC-AE01-448BB220DE0B}.Release|x64.ActiveCfg = Release|x64
		{559B635C-4836-47DC-AE01-448BB220DE0B}.Release|x64.Build.0 = Release|x64
		{559B635C-4836-47DC-AE01-448BB220DE0B}.Release|x86.ActiveCfg = Release|Win32
		{559B635C-4836-47DC-AE01-448BB220DE0B}.Release|x86.Build.0 = Release|Win32
		{9ADFCDE4-78E5-4E9E-B789-BE19CE787F9E}.Debug|x64.ActiveCfg = Debug|x64
		{9ADFCDE4-78E5-4E9E-B789-BE19CE787F9E}.Debug|x64.Build.0 = Debug|x64
		{9ADFCDE4-78E5-4E9E-B789-BE19CE787F9E}.Debug|x86.ActiveCfg = Debug|Win32
		{9ADFCDE4-78E5-4E9E-B789-BE19CE787F9E}.Debug|x86.Build.0 = Debug|Win32
		{9ADFCDE4-78E5-4E9E-B789-BE19CE787F9E}.Release|x64.ActiveCfg = Release|x64
		{9ADFCDE4-78E5-4E9E-B789-BE19CE787F9E}.Release|x64.Build.0 = Release|x64
		{9ADFCDE4-78E5-4E9E-B789-BE19CE787F9E}.Release|x86.ActiveCfg = Release|Win32
		{9ADFCDE4-78E5-4E9E-B789-BE19CE787F9E}.Release|x86.Build.0 = Release|Win32
		{6B223F5F-5C8A-43AF-9702-DC31C136202D}.Debug|x64.ActiveCfg = Debug|x64
		{6B223F5F-5C8A-43AF-9702-DC31C136202D}.Debug|x64.Build.0 = Debug|x64
		{6B223F5F-5C8A-43AF-9702-DC31C136202D}.Debug|x86.ActiveCfg = Debug|Win32
		{6B223F5F-5C8A-43AF-9702-DC31C136202D}.Debug|x86.Build.0 = Debug|Win32
		{6B223F5F-5C8A-43AF-9702-DC31C136202D}.Release|x64.ActiveCfg = Release|x64
		{6B223F5F-5C8A-43AF-9702-DC31C136202D}.Release|x64.Build.0 = Release|x64
		{6B223F5F-5C8A-43AF-9702-DC31C136202D}.Release|x86.ActiveCfg = Release|Win32
		{6B223F5F-5C8A-43AF-9702-DC31C136202D}.Release|x86.Build.0 = Release|Win32
		{DA5C19F1-3D2E-4FAC-8814-C9A7B07613AB}.Debug|x64.ActiveCfg = Debug|x64
		{DA5C19F1-3D2E-4FAC-8814-C9A7B07613AB}.Debug|x64.Build.0 = Debug|x64
		{DA5C19F1-3D2E-4FAC-8814-C9A7B07613AB}.Debug|x86.ActiveCfg = Debug|Win32
		{DA5C19F1-3D2E-4FAC-8814-C9A7B07613AB}.Debug|x86.Build.0 = Debug|Win32
		{DA5C19F1-3D2E-4FAC-8814-C9A7B07613AB}.Release|x64.ActiveCfg = Release|x64
		{DA5C19F1-3D2E-4FAC-8814-C9A7B07613AB}.Release|x64.Build.0 = Release|x64
		{DA5C19F1-3D2E-4FAC-8814-C9A7B07613AB}.Release|x86.ActiveCfg = Release|Win32
		{DA5C19F1-3D2E-4FAC-8814-C9A7B07613AB}.Release|x86.Build.0 = Release|Win32
		{705FCD38-C642-442E-A38D-56D2F7D16EA0}.Debug|x64.ActiveCfg = Debug|x64
		{705FCD38-C642-442E-A38D-56D2F7D16EA0}.Debug|x64.Build.0 = Debug|x64
		{705FCD38-C642-442E-A38D-56D2F7D16EA0}.Debug|x86.ActiveCfg = Debug|Win32
		{705FCD38-C642-442E-A38D-56D2F7D16EA0}.Debug|x86.Build.0 = Debug|Win32
		{705FCD38-C642-442E-A38D-56D2F7D16EA0}.Release|x64.ActiveCfg = Release|x64
		{705FCD38-C642-442E-A38D-56D2F7D16EA0}.Release|x64.Build.0 = Release|x64
		{705FCD38-C642-442E-A38D-56D2F7D16EA0}.Release|x86.ActiveCfg = Release|Win32
		{705FCD38-C642-442E-A38D-56D2F7D16EA0}.Release|x86.Build.0 = Release|Win32
		{146D02F7-A206-4A42-BB61-0C1E94F84820}.Debug|x64.ActiveCfg = Debug|x64
		{146D02F7-A206-4A42-BB61-0C1E94F84820}.Debug|x64.Build.0 = Debug|x64
		{146D02F7-A206-4A42-BB61-0C1E94F84820}.Debug|x86.ActiveCfg = Debug|Win32
		{146D02F7-A206-4A42-BB61-0C1E94F84820}.Debug|x86.Build.0 = Debug|Win32
		{146D02F7-A206-4A42-BB61-0C1E94F84820}.Release|x64.ActiveCfg = Release|x64
		{146D02F7-A206-4A42-BB61-0C1E94F84820}.Release|x64.Build.0 = Release|x64
		{146D02F7-A206-4A42-BB61-0C1E94F84820}.Release|x86.ActiveCfg = Release|Win32
		{146D02F7-A206-4A42-BB61-0C1E94F84820}.Release|x86.Build.0 = Release|Win32
		{A32EA68F-CD70-4633-981E-061077321E80}.Debug|x64.ActiveCfg = Debug|x64
		{A32EA68F-CD70-4633-981E-061077321E80}.Debug|x64.Build.0 = Debug|x64
		{A32EA68F-CD70-4633-981E-061077321E80}.Debug|x86.ActiveCfg = Debug|Win32
		{A32EA68F-CD70-4633-981E-061077321E80}.Debug|x86.Build.0 = Debug|Win32
		{A32EA68F-CD70-4633-981E-061077321E80}.Release|x64.ActiveCfg = Release|x64
		{A32EA68F-CD70-4633-981E-061077321E80}.Release|x64.Build.0 = Release|x64
		{A32EA68F-CD70-4633-981E-061077321E80}.Release|x86.ActiveCfg = Release|Win32
		{A32EA68F-CD70-4633-981E-061077321E80}.Release|x86.Build.0 = Release|Win32
		{A63804AE-53C7-474E-8AEE-3D7818946588}.Debug|x64.ActiveCfg = Debug|x64
		{A63804AE-53C7-474E-8AEE-3D7818946588}.Debug|x64.Build.0 = Debug|x64
		{A63804AE-53C7-474E-8AEE-3D7818946588}.Debug|x86.ActiveCfg = Debug|Win32
		{A63804AE-53C7-474E-8AEE-3D7818946588}.Debug|x86.Build.0 = Debug|Win32
		{A63804AE-53C7-474E-8AEE-3D7818946588}.Release|x64.ActiveCfg = Release|x64
		{A63804AE-53C7-474E-8AEE-3D7818946588}.Release|x64.Build.0 = Release|x64
		{A63804AE-53C7-474E-8AEE-3D7818946588}.Release|x86.ActiveCfg = Release|Win32
		{A63804AE-53C7-474E-8AEE-3D7818946588}.Release|x86.Build.0 = Release|Win32
		{B693F824-D2AF-4095-9ABB-C7FF5DD645AC}.Debug|x64.ActiveCfg = Debug|x64
		{B693F824-D2AF-4095-9ABB-C7FF5DD645AC}.Debug|x64.Build.0 = Debug|x64
		{B693F824-D2AF-4095-9ABB-C7FF5DD645AC}.Debug|x86.ActiveCfg = Debug|Win32
		{B693F824-D2AF-4095-9ABB-C7FF5DD645AC}.Debug|x86.Build.0 = Debug|Win32
		{B693F824-D2AF-4095-9ABB-C7FF5DD645AC}.Release|x64.ActiveCfg = Release|x64
		{B693F824-D2AF-4095-9ABB-C7FF5DD645AC}.Release|x64.Build.0 = Release|x64
		{B693F824-D2AF-4095-9ABB-C7FF5DD645AC}.Release|x86.ActiveCfg = Release|Win32
		{B693F824-D2AF-4095-9ABB-C7FF5DD645AC}.Release|x86.Build.0 = Release|Win32
		{DD4FE5D6-1B8E-4F85-8472-5D76536E38EC}.Debug|x64.ActiveCfg = Debug|x64
		{DD4FE5D6-1B8E-4F85-8472-5D76536E38EC}.Debug|x64.Build.0 = Debug|x64
		{DD4FE5D6-1B8E-4F85-8472-5D76536E38EC}.Debug|x86.ActiveCfg = Debug|Win32
		{DD4FE5D6-1B8E-4F85-8472-5D76536E38EC}.Debug|x86.Build.0 = Debug|Win32
		{DD4FE5D6-1B8E-4F85-8472-5D76536E38EC}.Release|x64.ActiveCfg = Release|x64
		{DD4FE5D6-1B8E-4F85-8472-5D76536E38EC}.Release|x64.Build.0 = Release|x64
		{DD4FE5D6-1B8E-4F85-8472-5D76536E38EC}.Release|x86.ActiveCfg = Release|Win32
		{DD4FE5D6-1B8E-4F85-8472-5D76536E38EC}.Release|x86.Build.0 = Release|Win32
		{8CB6184D-65C9-45A1-82B0-2A13CBDAC423}.Debug|x64.ActiveCfg = Debug|x64
		{8CB6184D-65C9-45A1-82B0-2A13CBDAC423}.Debug|x64.Build.0 = Debug|x64
		{8CB6184D-65C9-45A1-82B0-2A13CBDAC423}.Debug|x86.ActiveCfg = Debug|Win32
		{8CB6184D-65C9-45A1-82B0-2A13CBDAC423}.Debug|x86.Build.0 = Debug|Win32
		{8CB6184D-65C9-45A1-82B0-2A13CBDAC423}.Release|x64.ActiveCfg = Release|x64
		{8CB6184D-65C9-45A1-82B0-2A13CBDAC423}.Release|x64.Build.0 = Release|x64
		{8CB6184D-65C9-45A1-82B0-2A13CBDAC423}.Release|x86.ActiveCfg = Release|Win32
		{8CB6184D-65C9-45A1-82B0-2A13CBDAC423}.Release|x86.Build.0 = Release|Win32
		{0FF9FF13-FD80-4864-85A9-242670F45135}.Debug|x64.ActiveCfg = Debug|x64
		{0FF9FF13-FD80-4864-85A9-242670F45135}.Debug|x64.Build.0 = Debug|x64
		{0FF9FF13-FD80-4864-85A9-242670F45135}.Debug|x86.ActiveCfg = Debug|Win32
		{0FF9FF13-FD80-4864-85A9-242670F45135}.Debug|x86.Build.0 = Debug|Win32
		{0FF9FF13-FD80-4864-85A9-242670F45135}.Release|x64.ActiveCfg = Release|x64
		{0FF9FF13-FD80-4864-85A9-242670F45135}.Release|x64.Build.0 = Release|x64
		{0FF9FF13-FD80-4864-85A9-242670F45135}.Release|x86.ActiveCfg = Release|Win32
		{0FF9FF13-FD80-4864-85A9-242670F45135}.Release|x86.Build.0 = Release|Win32
		{BA028AF2-0799-4280-B527-9C6FD2837697}.Debug|x64.ActiveCfg = Debug|x64
		{BA028AF2-0799-4280-B527-9C6FD2837697}.Debug|x64.Build.0 = Debug|x64
		{BA028AF2-0799-4280-B527-9C6FD2837697}.Debug|x86.ActiveCfg = Debug|Win32
		{BA028AF2-0799-4280-B527-9C6FD2837697}.Debug|x86.Build.0 = Debug|Win32
		{BA028AF2-0799-4280-B527-9C6FD2837697}.Release|x64.ActiveCfg = Release|x64
		{BA028AF2-0799-4280-B527-9C6FD2837697}.Release|x64.Build.0 = Release|x64
		{BA028AF2-0799-4280-B527-9C6FD2837697}.Release|x86.ActiveCfg = Release|Win32
		{BA028AF2-0799-4280-B527-9C6FD2837697}.Release|x86.Build.0 = Release|Win32
		{CE996A67-A192-4CCA-9919-D8EBC0491A84}.Debug|x64.ActiveCfg = Debug|x64
		{CE996A67-A192-4CCA-9919-D8EBC0491A84}.Debug|x64.Build.0 = Debug|x64
		{CE996A67-A192-4CCA-9919-D8EBC0491A84}.Debug|x86.ActiveCfg = Debug|Win32
		{CE996A67-A192-4CCA-9919-D8EBC0491A84}.Debug|x86.Build.0 = Debug|Win32
		{CE996A67-A192-4CCA-9919-D8EBC0491A84}.Release|x64.ActiveCfg = Release|x64
		{CE996A67-A192-4CCA-9919-D8EBC0491A84}.Release|x64.Build.0 = Release|x64
		{CE996A67-A192-4CCA-9919-D8EBC0491A84}.Release|x86.ActiveCfg = Release|Win32
		{CE996A67-A192-4CCA-9919-D8EBC0491A84}.Release|x86.Build.0 = Release|Win32
		{5CD9C37C-5F4F-47B6-9033-F30B2A6FC300}.Debug|x64.ActiveCfg = Debug|x64
		{5CD9C37C-5F4F-47B6-9033-F30B2A6FC300}.Debug|x64.Build.0 = Debug|x64
		{5CD9C37C-5F4F-47B6-9033-F30B2A6FC300}.Debug|x86.ActiveCfg = Debug|Win32
		{5CD9C37C-5F4F-47B6-9033-F30B2A6FC300}.Debug|x86.Build.0 = Debug|Win32
		{5CD9C37C-5F4F-47B6-9033-F30B2A6FC300}.Release|x64.ActiveCfg = Release|x64
		{5CD9C37C-5F4F-47B6-9033-F30B2A6FC300}.Release|x64.Build.0 = Release|x64
		{5CD9C37C-5F4F-47B6-9033-F30B2A6FC300}.Release|x86.ActiveCfg = Release|Win32
		{5CD9C37C-5F4F-47B6-9033-F30B2A6FC300}.Release|x86.Build.0 = Release|Win32
		{B7390E8A-DC76-4674-B531-03B3C0AE91EA}.Debug|x64.ActiveCfg = Debug|x64
		{B7390E8A-DC76-4674-B531-03B3C0AE91EA}.Debug|x64.Build.0 = Debug|x64
		{B7390E8A-DC76-4674-B531-03B3C0AE91EA}.Debug|x86.ActiveCfg = Debug|Win32
		{B7390E8A-DC76-4674-B531-03B3C0AE91EA}.Debug|x86.Build.0 = Debug|Win32
		{B7390E8A-DC76-4674-B531-03B3C0AE91EA}.Release|x64.ActiveCfg = Release|x64
		{B7390E8A-DC76-4674-B531-03B3C0AE91EA}.Release|x64.Build.0 = Release|x64
		{B7390E8A-DC76-4674-B531-03B3C0AE91EA}.Release|x86.ActiveCfg = Release|Win32
		{B7390E8A-DC76-4674-B531-03B3C0AE91EA}.Release|x86.Build.0 = Release|Win32
		{06D1D219-7C27-405F-8698-D98FDA3FCD76}.Debug|x64.ActiveCfg = Debug|x64
		{06D1D219-7C27-405F-8698-D98FDA3FCD76}.Debug|x64.Build.0 = Debug|x64
		{06D1D219-7C27-405F-8698-D98FDA3FCD76}.Debug|x86.ActiveCfg = Debug|Win32
		{06D1D219-7C27-405F-8698-D98FDA3FCD76}.Debug|x86.Build.0 = Debug|Win32
		{06D1D219-7C27-405F-8698-D98FDA3FCD76}.Release|x64.ActiveCfg = Release|x64
		{06D1D219-7C27-405F-8698-D98FDA3FCD76}.Release|x64.Build.0 = Release|x64
		{06D1D219-7C27-405F-8698-D98FDA3FCD76}.Release|x86.ActiveCfg = Release|Win32
		{06D1D219-7C27-405F-8698-D98FDA3FCD76}.Release|x86.Build.0 = Release|Win32
		{AF893F83-1077-47F1-8281-515EF068D98D}.Debug|x64.ActiveCfg = Debug|x64
		{AF893F83-1077-47F1-8281-515EF068D98D}.Debug|x64.Build.0 = Debug|x64
		{AF893F83-1077-47F1-8281-515EF068D98D}.Debug|x86.ActiveCfg = Debug|Win32
		{AF893F83-1077-47F1-8281-515EF068D98D}.Debug|x86.Build.0 = Debug|Win32
		{AF893F83-1077-47F1-8281-515EF068D98D}.Release|x64.ActiveCfg = Release|x64
		{AF893F83-1077-47F1-8281-515EF068D98D}.Release|x64.Build.0 = Release|x64
		{AF893F83-1077-47F1-8281-515EF068D98D}.Release|x86.ActiveCfg = Release|Win32
		{AF893F83-1077-47F1-8281-515EF068D98D}.Release|x86.Build.0 = Release|Win32
		{F0EC4A06-0F1C-4B44-A3D2-D3F5FA3747D9}.Debug|x64.ActiveCfg = Debug|x64
		{F0EC4A06-0F1C-4B44-A3D2-D3F5FA3747D9}.Debug|x64.Build.0 = Debug|x64
		{F0EC4A06-0F1C-4B44-A3D2-D3F5FA3747D9}.Debug|x86.ActiveCfg = Debug|Win32
		{F0EC4A06-0F1C-4B44-A3D2-D3F5FA3747D9}.Debug|x86.Build.0 = Debug|Win32
		{F0EC4A06-0F1C-4B44-A3D2-D3F5FA3747D9}.Release|x64.ActiveCfg = Release|x64
		{F0EC4A06-0F1C-4B44-A3D2-D3F5FA3747D9}.Release|x64.Build.0 = Release|x64
		{F0EC4A06-0F1C-4B44-A3D2-D3F5FA3747D9}.Release|x86.ActiveCfg = Release|Win32
		{F0EC4A06-0F1C-4B44-A3D2-D3F5FA3747D9}.Release|x86.Build.0 = Release|Win32
		{78DEB6B9-18AA-48F4-9FE3-3F83E30EBB7D}.Debug|x64.ActiveCfg = Debug|x64
		{78DEB6B9-18AA-48F4-9FE3-3F83E30EBB7D}.Debug|x64.Build.0 = Debug|x64
		{78DEB6B9-18AA-48F4-9FE3-3F83E30EBB7D}.Debug|x86.ActiveCfg = Debug|Win32
		{78DEB6B9-18AA-48F4-9FE3-3F83E30EBB7D}.Debug|x86.Build.0 = Debug|Win32
		{78DEB6B9-18AA-48F4-9FE3-3F83E30EBB7D}.Release|x64.ActiveCfg = Release|x64
		{78DEB6B9-18AA-48F4-9FE3-3F83E30EBB7D}.Release|x64.Build.0 = Release|x64
		{78DEB6B9-18AA-48F4-9FE3-3F83E30EBB7D}.Release|x86.ActiveCfg = Release|Win32
		{78DEB6B9-18AA-48F4-9FE3-3F83E30EBB7D}.Release|x86.Build.0 = Release|Win32
		{26057AB3-F755-42C7-AA56-8AE022A78A2E}.Debug|x64.ActiveCfg = Debug|x64
		{26057AB3-F755-42C7-AA56-8AE022A78A2E}.Debug|x64.Build.0 = Debug|x64
		{26057AB3-F755-42C7-AA56-8AE022A78A2E}.Debug|x86.ActiveCfg = Debug|Win32
		{26057AB3-F755-42C7-AA56-8AE022A78A2E}.Debug|x86.Build.0 = Debug|Win32
		{26057AB3-F755-42C7-AA56-8AE022A78A2E}.Release|x64.ActiveCfg = Release|x64
		{26057AB3-F755-42C7-AA56-8AE022A78A2E}.Release|x64.Build.0 = Release|x64
		{26057AB3-F755-42C7-AA56-8AE022A78A2E}.Release|x86.ActiveCfg = Release|Win32
		{26057AB3-F755-42C7-AA56-8AE022A78A2E}.Release|x86.Build.0 = Release|Win32
		{E8F48D69-2465-4F22-9A71-EDD1E6E2922C}.Debug|x64.ActiveCfg = Debug|x64
		{E8F48D69-2465-4F22-9A71-EDD1E6E2922C}.Debug|x64.Build.0 = Debug|x64
		{E8F48D69-2465-4F22-9A71-EDD1E6E2922C}.Debug|x86.ActiveCfg = Debug|Win32
		{E8F48D69-2465-4F22-9A71-EDD1E6E2922C}.Debug|x86.Build.0 = Debug|Win32
		{E8F48D69-2465-4F22-9A71-EDD1E6E2922C}.Release|x64.ActiveCfg = Release|x64
		{E8F48D69-2465-4F22-9A71-EDD1E6E2922C}.Release|x64.Build.0 = Release|x64
		{E8F48D69-2465-4F22-9A71-EDD1E6E2922C}.Release|x86.ActiveCfg = Release|Win32
		{E8F48D69-2465-4F22-9A71-EDD1E6E2922C}.Release|x86.Build.0 = Release|Win32
		{6378EE23-FBFB-4AB8-B653-7B26BD8C6C87}.Debug|x64.ActiveCfg = Debug|x64
		{6378EE23-FBFB-4AB8-B653-7B26BD8C6C87}.Debug|x64.Build.0 = Debug|x64
		{6378EE23-FBFB-4AB8-B653-7B26BD8C6C87}.Debug|x86.ActiveCfg = Debug|Win32
		{6378EE23-FBFB-4AB8-B653-7B26BD8C6C87}.Debug|x86.Build.0 = Debug|Win32
		{6378EE23-FBFB-4AB8-B653-7B26BD8C6C87}.Release|x64.ActiveCfg = Release|x64
		{6378EE23-FBFB-4AB8-B653-7B26BD8C6C87}.Release|x64.Build.0 = Release|x64
		{6378EE23-FBFB-4AB8-B653-7B26BD8C6C87}.Release|x86.ActiveCfg = Release|Win32
		{6378EE23-FBFB-4AB8-B653-7B26BD8C6C87}.Release|x86.Build.0 = Release|Win32
	EndGlobalSection
	GlobalSection(SolutionProperties) = preSolution
		HideSolutionNode = FALSE
	EndGlobalSection
	GlobalSection(ExtensibilityGlobals) = postSolution
		SolutionGuid = {B6008855-F1EE-48A5-9C05-1C6FDAC35643}
	EndGlobalSection
EndGlobal
